{
  "version": 4,
  "terraform_version": "1.13.3",
  "serial": 33,
  "lineage": "b4103def-1b95-4ded-3c45-032533da6e10",
  "outputs": {},
  "resources": [
    {
      "mode": "data",
      "type": "aws_caller_identity",
      "name": "current",
      "provider": "provider[\"registry.terraform.io/hashicorp/aws\"]",
      "instances": [
        {
          "schema_version": 0,
          "attributes": {
            "account_id": "481665089875",
            "arn": "arn:aws:iam::481665089875:user/data_engineer",
            "id": "481665089875",
            "user_id": "AIDAXAJL2AFJT7PQIYJD7"
          },
          "sensitive_attributes": [],
          "identity_schema_version": 0
        }
      ]
    },
    {
      "mode": "data",
      "type": "aws_iam_policy_document",
      "name": "cw_s3_bucket_policy",
      "provider": "provider[\"registry.terraform.io/hashicorp/aws\"]",
      "instances": [
        {
          "schema_version": 0,
          "attributes": {
            "id": "1307809449",
            "json": "{\n  \"Version\": \"2012-10-17\",\n  \"Statement\": [\n    {\n      \"Effect\": \"Allow\",\n      \"Action\": [\n        \"s3:ListBucket\",\n        \"s3:GetObjectVersion\",\n        \"s3:GetObject\",\n        \"s3:GetBucketLocation\"\n      ],\n      \"Resource\": [\n        \"arn:aws:s3:::cw-world-bank-data/*\",\n        \"arn:aws:s3:::cw-world-bank-data\"\n      ]\n    }\n  ]\n}",
            "minified_json": "{\"Version\":\"2012-10-17\",\"Statement\":[{\"Effect\":\"Allow\",\"Action\":[\"s3:ListBucket\",\"s3:GetObjectVersion\",\"s3:GetObject\",\"s3:GetBucketLocation\"],\"Resource\":[\"arn:aws:s3:::cw-world-bank-data/*\",\"arn:aws:s3:::cw-world-bank-data\"]}]}",
            "override_json": null,
            "override_policy_documents": null,
            "policy_id": null,
            "source_json": null,
            "source_policy_documents": null,
            "statement": [
              {
                "actions": [
                  "s3:GetBucketLocation",
                  "s3:GetObject",
                  "s3:GetObjectVersion",
                  "s3:ListBucket"
                ],
                "condition": [],
                "effect": "Allow",
                "not_actions": [],
                "not_principals": [],
                "not_resources": [],
                "principals": [],
                "resources": [
                  "arn:aws:s3:::cw-world-bank-data",
                  "arn:aws:s3:::cw-world-bank-data/*"
                ],
                "sid": ""
              }
            ],
            "version": "2012-10-17"
          },
          "sensitive_attributes": [],
          "identity_schema_version": 0
        }
      ]
    },
    {
      "mode": "data",
      "type": "aws_iam_policy_document",
      "name": "snowflake_trust",
      "provider": "provider[\"registry.terraform.io/hashicorp/aws\"]",
      "instances": [
        {
          "schema_version": 0,
          "attributes": {
            "id": "581452355",
            "json": "{\n  \"Version\": \"2012-10-17\",\n  \"Statement\": [\n    {\n      \"Effect\": \"Allow\",\n      \"Action\": \"sts:AssumeRole\",\n      \"Principal\": {\n        \"AWS\": \"arn:aws:iam::950742489754:user/9omj1000-s\"\n      },\n      \"Condition\": {\n        \"StringEquals\": {\n          \"sts:ExternalId\": \"IC30634_SFCRole=5_QGtiPwbhe6SY7+NmH6SrmziyL/Y=\"\n        }\n      }\n    }\n  ]\n}",
            "minified_json": "{\"Version\":\"2012-10-17\",\"Statement\":[{\"Effect\":\"Allow\",\"Action\":\"sts:AssumeRole\",\"Principal\":{\"AWS\":\"arn:aws:iam::950742489754:user/9omj1000-s\"},\"Condition\":{\"StringEquals\":{\"sts:ExternalId\":\"IC30634_SFCRole=5_QGtiPwbhe6SY7+NmH6SrmziyL/Y=\"}}}]}",
            "override_json": null,
            "override_policy_documents": null,
            "policy_id": null,
            "source_json": null,
            "source_policy_documents": null,
            "statement": [
              {
                "actions": [
                  "sts:AssumeRole"
                ],
                "condition": [
                  {
                    "test": "StringEquals",
                    "values": [
                      "IC30634_SFCRole=5_QGtiPwbhe6SY7+NmH6SrmziyL/Y="
                    ],
                    "variable": "sts:ExternalId"
                  }
                ],
                "effect": "Allow",
                "not_actions": [],
                "not_principals": [],
                "not_resources": [],
                "principals": [
                  {
                    "identifiers": [
                      "arn:aws:iam::950742489754:user/9omj1000-s"
                    ],
                    "type": "AWS"
                  }
                ],
                "resources": [],
                "sid": ""
              }
            ],
            "version": "2012-10-17"
          },
          "sensitive_attributes": [],
          "identity_schema_version": 0
        }
      ]
    },
    {
      "mode": "managed",
      "type": "aws_iam_policy",
      "name": "snowflake_access",
      "provider": "provider[\"registry.terraform.io/hashicorp/aws\"]",
      "instances": [
        {
          "schema_version": 0,
          "attributes": {
            "arn": "arn:aws:iam::481665089875:policy/snowflake_access_policy",
            "attachment_count": 1,
            "description": "Policy to allow Snowflake to access S3 bucket for data ingestion",
            "id": "arn:aws:iam::481665089875:policy/snowflake_access_policy",
            "name": "snowflake_access_policy",
            "name_prefix": "",
            "path": "/",
            "policy": "{\"Statement\":[{\"Action\":[\"s3:ListBucket\",\"s3:GetObjectVersion\",\"s3:GetObject\",\"s3:GetBucketLocation\"],\"Effect\":\"Allow\",\"Resource\":[\"arn:aws:s3:::cw-world-bank-data/*\",\"arn:aws:s3:::cw-world-bank-data\"]}],\"Version\":\"2012-10-17\"}",
            "policy_id": "ANPAXAJL2AFJTWLLWH7HN",
            "tags": {},
            "tags_all": {}
          },
          "sensitive_attributes": [],
          "identity_schema_version": 0,
          "private": "bnVsbA==",
          "dependencies": [
            "aws_s3_bucket.cw_world_bank_data",
            "data.aws_iam_policy_document.cw_s3_bucket_policy"
          ]
        }
      ]
    },
    {
      "mode": "managed",
      "type": "aws_iam_role",
      "name": "cw_snowflake_role",
      "provider": "provider[\"registry.terraform.io/hashicorp/aws\"]",
      "instances": [
        {
          "schema_version": 0,
          "attributes": {
            "arn": "arn:aws:iam::481665089875:role/snowflake-s3-role",
            "assume_role_policy": "{\"Statement\":[{\"Action\":\"sts:AssumeRole\",\"Condition\":{\"StringEquals\":{\"sts:ExternalId\":\"IC30634_SFCRole=5_QGtiPwbhe6SY7+NmH6SrmziyL/Y=\"}},\"Effect\":\"Allow\",\"Principal\":{\"AWS\":\"arn:aws:iam::950742489754:user/9omj1000-s\"}}],\"Version\":\"2012-10-17\"}",
            "create_date": "2026-03-16T03:56:50Z",
            "description": "",
            "force_detach_policies": false,
            "id": "snowflake-s3-role",
            "inline_policy": [],
            "managed_policy_arns": [
              "arn:aws:iam::481665089875:policy/snowflake_access_policy"
            ],
            "max_session_duration": 3600,
            "name": "snowflake-s3-role",
            "name_prefix": "",
            "path": "/",
            "permissions_boundary": "",
            "tags": {},
            "tags_all": {},
            "unique_id": "AROAXAJL2AFJ44GRCJKRO"
          },
          "sensitive_attributes": [],
          "identity_schema_version": 0,
          "private": "bnVsbA==",
          "dependencies": [
            "aws_s3_bucket.cw_world_bank_data",
            "data.aws_caller_identity.current",
            "data.aws_iam_policy_document.snowflake_trust",
            "snowflake_storage_integration_aws.cw_s3_integration"
          ]
        }
      ]
    },
    {
      "mode": "managed",
      "type": "aws_iam_role_policy_attachment",
      "name": "cw_attach_s3_policy",
      "provider": "provider[\"registry.terraform.io/hashicorp/aws\"]",
      "instances": [
        {
          "schema_version": 0,
          "attributes": {
            "id": "snowflake-s3-role-20260316035651034100000001",
            "policy_arn": "arn:aws:iam::481665089875:policy/snowflake_access_policy",
            "role": "snowflake-s3-role"
          },
          "sensitive_attributes": [],
          "identity_schema_version": 0,
          "private": "bnVsbA==",
          "dependencies": [
            "aws_iam_policy.snowflake_access",
            "aws_iam_role.cw_snowflake_role",
            "aws_s3_bucket.cw_world_bank_data",
            "data.aws_caller_identity.current",
            "data.aws_iam_policy_document.cw_s3_bucket_policy",
            "data.aws_iam_policy_document.snowflake_trust",
            "snowflake_storage_integration_aws.cw_s3_integration"
          ]
        }
      ]
    },
    {
      "mode": "managed",
      "type": "aws_s3_bucket",
      "name": "cw_world_bank_data",
      "provider": "provider[\"registry.terraform.io/hashicorp/aws\"]",
      "instances": [
        {
          "schema_version": 0,
          "attributes": {
            "acceleration_status": "",
            "acl": null,
            "arn": "arn:aws:s3:::cw-world-bank-data",
            "bucket": "cw-world-bank-data",
            "bucket_domain_name": "cw-world-bank-data.s3.amazonaws.com",
            "bucket_prefix": "",
            "bucket_regional_domain_name": "cw-world-bank-data.s3.us-east-2.amazonaws.com",
            "cors_rule": [],
            "force_destroy": false,
            "grant": [
              {
                "id": "25c3d75af114a80332e296cbaaf3af7419644278580bf2d147548970d42f1fab",
                "permissions": [
                  "FULL_CONTROL"
                ],
                "type": "CanonicalUser",
                "uri": ""
              }
            ],
            "hosted_zone_id": "Z2O1EMRO9K5GLX",
            "id": "cw-world-bank-data",
            "lifecycle_rule": [
              {
                "abort_incomplete_multipart_upload_days": 0,
                "enabled": true,
                "expiration": [],
                "id": "Transition to Glacier after 30 days",
                "noncurrent_version_expiration": [],
                "noncurrent_version_transition": [],
                "prefix": "loan-snapshots/",
                "tags": {},
                "transition": [
                  {
                    "date": "",
                    "days": 180,
                    "storage_class": "GLACIER"
                  }
                ]
              }
            ],
            "logging": [],
            "object_lock_configuration": [],
            "object_lock_enabled": false,
            "policy": "",
            "region": "us-east-2",
            "replication_configuration": [],
            "request_payer": "BucketOwner",
            "server_side_encryption_configuration": [
              {
                "rule": [
                  {
                    "apply_server_side_encryption_by_default": [
                      {
                        "kms_master_key_id": "",
                        "sse_algorithm": "AES256"
                      }
                    ],
                    "bucket_key_enabled": false
                  }
                ]
              }
            ],
            "tags": {
              "Environment": "Production",
              "Name": "World Bank Data",
              "Project": "Credit Warehouse"
            },
            "tags_all": {
              "Environment": "Production",
              "Name": "World Bank Data",
              "Project": "Credit Warehouse"
            },
            "timeouts": null,
            "versioning": [
              {
                "enabled": false,
                "mfa_delete": false
              }
            ],
            "website": [],
            "website_domain": null,
            "website_endpoint": null
          },
          "sensitive_attributes": [],
          "identity_schema_version": 0,
          "private": "eyJlMmJmYjczMC1lY2FhLTExZTYtOGY4OC0zNDM2M2JjN2M0YzAiOnsiY3JlYXRlIjoxMjAwMDAwMDAwMDAwLCJkZWxldGUiOjM2MDAwMDAwMDAwMDAsInJlYWQiOjEyMDAwMDAwMDAwMDAsInVwZGF0ZSI6MTIwMDAwMDAwMDAwMH19"
        }
      ]
    },
    {
      "mode": "managed",
      "type": "aws_s3_bucket_lifecycle_configuration",
      "name": "cw_world_bank_data_lifecycle",
      "provider": "provider[\"registry.terraform.io/hashicorp/aws\"]",
      "instances": [
        {
          "schema_version": 1,
          "attributes": {
            "bucket": "cw-world-bank-data",
            "expected_bucket_owner": "",
            "id": "cw-world-bank-data",
            "rule": [
              {
                "abort_incomplete_multipart_upload": [],
                "expiration": [],
                "filter": [
                  {
                    "and": [],
                    "object_size_greater_than": null,
                    "object_size_less_than": null,
                    "prefix": "loan-snapshots/",
                    "tag": []
                  }
                ],
                "id": "Transition to Glacier after 30 days",
                "noncurrent_version_expiration": [],
                "noncurrent_version_transition": [],
                "prefix": "",
                "status": "Enabled",
                "transition": [
                  {
                    "date": null,
                    "days": 180,
                    "storage_class": "GLACIER"
                  }
                ]
              }
            ],
            "timeouts": null,
            "transition_default_minimum_object_size": "all_storage_classes_128K"
          },
          "sensitive_attributes": [],
          "identity_schema_version": 0,
          "dependencies": [
            "aws_s3_bucket.cw_world_bank_data"
          ]
        }
      ]
    },
    {
      "mode": "managed",
      "type": "aws_s3_bucket_notification",
      "name": "bucket_notification",
      "provider": "provider[\"registry.terraform.io/hashicorp/aws\"]",
      "instances": [
        {
          "schema_version": 0,
          "attributes": {
            "bucket": "cw-world-bank-data",
            "eventbridge": false,
            "id": "cw-world-bank-data",
            "lambda_function": [],
            "queue": [
              {
                "events": [
                  "s3:ObjectCreated:*"
                ],
                "filter_prefix": "loan-snapshots/",
                "filter_suffix": "",
                "id": "snowpipe_notification",
                "queue_arn": "arn:aws:sqs:us-east-2:950742489754:sf-snowpipe-AIDA52XFLDKNA6XMBLAUU-QDHsY0cnIq7otKQaJhPixA"
              }
            ],
            "topic": []
          },
          "sensitive_attributes": [],
          "identity_schema_version": 0,
          "private": "bnVsbA==",
          "dependencies": [
            "aws_s3_bucket.cw_world_bank_data",
            "data.aws_caller_identity.current",
            "snowflake_database.credit_data_platform",
            "snowflake_pipe.world_bank_data_pipe",
            "snowflake_schema.raw_schema",
            "snowflake_stage_external_s3.world_bank_data_stage",
            "snowflake_storage_integration_aws.cw_s3_integration",
            "snowflake_table.world_bank_loan_snapshots"
          ]
        }
      ]
    },
    {
      "mode": "managed",
      "type": "snowflake_database",
      "name": "credit_data_platform",
      "provider": "provider[\"registry.terraform.io/snowflakedb/snowflake\"].sysadmin",
      "instances": [
        {
          "schema_version": 1,
          "attributes": {
            "catalog": "",
            "comment": "",
            "data_retention_time_in_days": 1,
            "default_ddl_collation": "",
            "drop_public_schema_on_creation": null,
            "enable_console_output": false,
            "external_volume": "",
            "fully_qualified_name": "\"CREDIT_DATA_PLATFORM\"",
            "id": "CREDIT_DATA_PLATFORM",
            "is_transient": false,
            "log_level": "OFF",
            "max_data_extension_time_in_days": 14,
            "name": "CREDIT_DATA_PLATFORM",
            "quoted_identifiers_ignore_case": false,
            "replace_invalid_characters": false,
            "replication": [],
            "storage_serialization_policy": "OPTIMIZED",
            "suspend_task_after_num_failures": 10,
            "task_auto_retry_attempts": 0,
            "timeouts": null,
            "trace_level": "OFF",
            "user_task_managed_initial_warehouse_size": "Medium",
            "user_task_minimum_trigger_interval_in_seconds": 30,
            "user_task_timeout_ms": 3600000
          },
          "sensitive_attributes": [],
          "identity_schema_version": 0,
          "private": "eyJlMmJmYjczMC1lY2FhLTExZTYtOGY4OC0zNDM2M2JjN2M0YzAiOnsiY3JlYXRlIjoxMjAwMDAwMDAwMDAwLCJkZWxldGUiOjEyMDAwMDAwMDAwMDAsInJlYWQiOjEyMDAwMDAwMDAwMDAsInVwZGF0ZSI6MTIwMDAwMDAwMDAwMH0sInNjaGVtYV92ZXJzaW9uIjoiMSJ9"
        }
      ]
    },
    {
      "mode": "managed",
      "type": "snowflake_grant_privileges_to_account_role",
      "name": "snowpipe_integration_grant",
      "provider": "provider[\"registry.terraform.io/snowflakedb/snowflake\"].accountadmin",
      "instances": [
        {
          "schema_version": 0,
          "attributes": {
            "account_role_name": "SYSADMIN",
            "all_privileges": false,
            "always_apply": false,
            "always_apply_trigger": null,
            "id": "\"SYSADMIN\"|false|false|USAGE|OnAccountObject|INTEGRATION|\"cw_snowflake_storage_integration\"",
            "on_account": false,
            "on_account_object": [
              {
                "object_name": "cw_snowflake_storage_integration",
                "object_type": "INTEGRATION"
              }
            ],
            "on_schema": [],
            "on_schema_object": [],
            "privileges": [
              "USAGE"
            ],
            "strict_privilege_management": false,
            "timeouts": null,
            "with_grant_option": false
          },
          "sensitive_attributes": [],
          "identity_schema_version": 0,
          "private": "eyJlMmJmYjczMC1lY2FhLTExZTYtOGY4OC0zNDM2M2JjN2M0YzAiOnsiY3JlYXRlIjoxMjAwMDAwMDAwMDAwLCJkZWxldGUiOjEyMDAwMDAwMDAwMDAsInJlYWQiOjEyMDAwMDAwMDAwMDAsInVwZGF0ZSI6MTIwMDAwMDAwMDAwMH19",
          "dependencies": [
            "aws_s3_bucket.cw_world_bank_data",
            "data.aws_caller_identity.current",
            "snowflake_storage_integration_aws.cw_s3_integration"
          ]
        }
      ]
    },
    {
      "mode": "managed",
      "type": "snowflake_pipe",
      "name": "world_bank_data_pipe",
      "provider": "provider[\"registry.terraform.io/snowflakedb/snowflake\"].sysadmin",
      "instances": [
        {
          "schema_version": 0,
          "attributes": {
            "auto_ingest": true,
            "aws_sns_topic_arn": null,
            "comment": "",
            "copy_statement": "COPY INTO \"CREDIT_DATA_PLATFORM\".\"RAW\".\"snowpipe_loan_snapshots\"\nFROM @\"CREDIT_DATA_PLATFORM\".\"PUBLIC\".\"WORLD_BANK_DATA_STAGE\"\nFILE_FORMAT = (TYPE = 'JSON')",
            "database": "CREDIT_DATA_PLATFORM",
            "error_integration": "",
            "fully_qualified_name": "\"CREDIT_DATA_PLATFORM\".\"RAW\".\"WORLD_BANK_DATA_PIPE\"",
            "id": "CREDIT_DATA_PLATFORM|RAW|WORLD_BANK_DATA_PIPE",
            "integration": null,
            "name": "WORLD_BANK_DATA_PIPE",
            "notification_channel": "arn:aws:sqs:us-east-2:950742489754:sf-snowpipe-AIDA52XFLDKNA6XMBLAUU-QDHsY0cnIq7otKQaJhPixA",
            "owner": "SYSADMIN",
            "schema": "RAW",
            "timeouts": null
          },
          "sensitive_attributes": [],
          "identity_schema_version": 0,
          "private": "eyJlMmJmYjczMC1lY2FhLTExZTYtOGY4OC0zNDM2M2JjN2M0YzAiOnsiY3JlYXRlIjoxMjAwMDAwMDAwMDAwLCJkZWxldGUiOjEyMDAwMDAwMDAwMDAsInJlYWQiOjEyMDAwMDAwMDAwMDAsInVwZGF0ZSI6MTIwMDAwMDAwMDAwMH19",
          "dependencies": [
            "aws_s3_bucket.cw_world_bank_data",
            "data.aws_caller_identity.current",
            "snowflake_database.credit_data_platform",
            "snowflake_schema.raw_schema",
            "snowflake_stage_external_s3.world_bank_data_stage",
            "snowflake_storage_integration_aws.cw_s3_integration",
            "snowflake_table.world_bank_loan_snapshots"
          ]
        }
      ]
    },
    {
      "mode": "managed",
      "type": "snowflake_schema",
      "name": "raw_schema",
      "provider": "provider[\"registry.terraform.io/snowflakedb/snowflake\"].sysadmin",
      "instances": [
        {
          "schema_version": 2,
          "attributes": {
            "catalog": "",
            "comment": "",
            "data_retention_time_in_days": 1,
            "database": "CREDIT_DATA_PLATFORM",
            "default_ddl_collation": "",
            "describe_output": [
              {
                "created_on": "2026-03-18 19:59:12.256 -0700 PDT",
                "kind": "TABLE",
                "name": "snowpipe_loan_snapshots"
              }
            ],
            "enable_console_output": false,
            "external_volume": "",
            "fully_qualified_name": "\"CREDIT_DATA_PLATFORM\".\"RAW\"",
            "id": "\"CREDIT_DATA_PLATFORM\".\"RAW\"",
            "is_transient": "default",
            "log_level": "OFF",
            "max_data_extension_time_in_days": 14,
            "name": "RAW",
            "parameters": [
              {
                "catalog": [
                  {
                    "default": "",
                    "description": "Name of the catalog integration to use for iceberg tables",
                    "key": "CATALOG",
                    "level": "",
                    "value": ""
                  }
                ],
                "data_retention_time_in_days": [
                  {
                    "default": "1",
                    "description": "number of days to retain the old version of deleted/updated data",
                    "key": "DATA_RETENTION_TIME_IN_DAYS",
                    "level": "SCHEMA",
                    "value": "1"
                  }
                ],
                "default_ddl_collation": [
                  {
                    "default": "",
                    "description": "Collation that is used for all the new columns created by the DDL statements (if not specified)",
                    "key": "DEFAULT_DDL_COLLATION",
                    "level": "",
                    "value": ""
                  }
                ],
                "enable_console_output": [
                  {
                    "default": "false",
                    "description": "Enable stdout/stderr fast path logging for anonyous stored procs. This is a public parameter (similar to LOG_LEVEL).",
                    "key": "ENABLE_CONSOLE_OUTPUT",
                    "level": "",
                    "value": "false"
                  }
                ],
                "external_volume": [
                  {
                    "default": "",
                    "description": "Name of an external volume that will be used for persisted Iceberg metadata and data files.",
                    "key": "EXTERNAL_VOLUME",
                    "level": "",
                    "value": ""
                  }
                ],
                "log_level": [
                  {
                    "default": "OFF",
                    "description": "LOG_LEVEL to use when filtering events",
                    "key": "LOG_LEVEL",
                    "level": "",
                    "value": "OFF"
                  }
                ],
                "max_data_extension_time_in_days": [
                  {
                    "default": "14",
                    "description": "Maximum number of days to extend data retention beyond the retention period to prevent a stream becoming stale.",
                    "key": "MAX_DATA_EXTENSION_TIME_IN_DAYS",
                    "level": "",
                    "value": "14"
                  }
                ],
                "pipe_execution_paused": [
                  {
                    "default": "false",
                    "description": "Pause processing of files for a pipe",
                    "key": "PIPE_EXECUTION_PAUSED",
                    "level": "",
                    "value": "false"
                  }
                ],
                "quoted_identifiers_ignore_case": [
                  {
                    "default": "false",
                    "description": "If true, the case of quoted identifiers is ignored",
                    "key": "QUOTED_IDENTIFIERS_IGNORE_CASE",
                    "level": "",
                    "value": "false"
                  }
                ],
                "replace_invalid_characters": [
                  {
                    "default": "false",
                    "description": "Replace invalid UTF-8 characters found in Iceberg table external data files with the Unicode replacement character",
                    "key": "REPLACE_INVALID_CHARACTERS",
                    "level": "",
                    "value": "false"
                  }
                ],
                "storage_serialization_policy": [
                  {
                    "default": "OPTIMIZED",
                    "description": "Storage serialization policy used for managed Iceberg table. This include encodings and compressions",
                    "key": "STORAGE_SERIALIZATION_POLICY",
                    "level": "",
                    "value": "OPTIMIZED"
                  }
                ],
                "suspend_task_after_num_failures": [
                  {
                    "default": "10",
                    "description": "How many times a task must fail in a row before it is automatically suspended. 0 disables auto-suspending.",
                    "key": "SUSPEND_TASK_AFTER_NUM_FAILURES",
                    "level": "",
                    "value": "10"
                  }
                ],
                "task_auto_retry_attempts": [
                  {
                    "default": "0",
                    "description": "Maximum Automatic Retries Allowed For A User Task",
                    "key": "TASK_AUTO_RETRY_ATTEMPTS",
                    "level": "",
                    "value": "0"
                  }
                ],
                "trace_level": [
                  {
                    "default": "OFF",
                    "description": "Trace level value to use when generating/filtering trace events",
                    "key": "TRACE_LEVEL",
                    "level": "",
                    "value": "OFF"
                  }
                ],
                "user_task_managed_initial_warehouse_size": [
                  {
                    "default": "Medium",
                    "description": "The initial size of warehouse to use for managed warehouses in the absence of history",
                    "key": "USER_TASK_MANAGED_INITIAL_WAREHOUSE_SIZE",
                    "level": "",
                    "value": "Medium"
                  }
                ],
                "user_task_minimum_trigger_interval_in_seconds": [
                  {
                    "default": "30",
                    "description": "Minimum amount of time between Triggered Task executions in seconds",
                    "key": "USER_TASK_MINIMUM_TRIGGER_INTERVAL_IN_SECONDS",
                    "level": "",
                    "value": "30"
                  }
                ],
                "user_task_timeout_ms": [
                  {
                    "default": "3600000",
                    "description": "User task execution timeout in milliseconds",
                    "key": "USER_TASK_TIMEOUT_MS",
                    "level": "",
                    "value": "3600000"
                  }
                ]
              }
            ],
            "pipe_execution_paused": false,
            "quoted_identifiers_ignore_case": false,
            "replace_invalid_characters": false,
            "show_output": [
              {
                "comment": "",
                "created_on": "2026-03-18 19:59:11.801 -0700 PDT",
                "database_name": "CREDIT_DATA_PLATFORM",
                "dropped_on": "0001-01-01 00:00:00 +0000 UTC",
                "is_current": false,
                "is_default": false,
                "name": "RAW",
                "options": "",
                "owner": "SYSADMIN",
                "owner_role_type": "ROLE",
                "retention_time": "1"
              }
            ],
            "storage_serialization_policy": "OPTIMIZED",
            "suspend_task_after_num_failures": 10,
            "task_auto_retry_attempts": 0,
            "timeouts": null,
            "trace_level": "OFF",
            "user_task_managed_initial_warehouse_size": "Medium",
            "user_task_minimum_trigger_interval_in_seconds": 30,
            "user_task_timeout_ms": 3600000,
            "with_managed_access": "default"
          },
          "sensitive_attributes": [],
          "identity_schema_version": 0,
          "private": "eyJlMmJmYjczMC1lY2FhLTExZTYtOGY4OC0zNDM2M2JjN2M0YzAiOnsiY3JlYXRlIjoxMjAwMDAwMDAwMDAwLCJkZWxldGUiOjEyMDAwMDAwMDAwMDAsInJlYWQiOjEyMDAwMDAwMDAwMDAsInVwZGF0ZSI6MTIwMDAwMDAwMDAwMH0sInNjaGVtYV92ZXJzaW9uIjoiMiJ9",
          "dependencies": [
            "snowflake_database.credit_data_platform"
          ]
        }
      ]
    },
    {
      "mode": "managed",
      "type": "snowflake_stage_external_s3",
      "name": "world_bank_data_stage",
      "provider": "provider[\"registry.terraform.io/snowflakedb/snowflake\"].sysadmin",
      "instances": [
        {
          "schema_version": 1,
          "attributes": {
            "aws_access_point_arn": "",
            "cloud": "AWS",
            "comment": "",
            "credentials": [],
            "database": "CREDIT_DATA_PLATFORM",
            "describe_output": [
              {
                "directory_table": [
                  {
                    "auto_refresh": false,
                    "enable": false,
                    "last_refreshed_on": ""
                  }
                ],
                "file_format": [
                  {
                    "avro": [],
                    "csv": [
                      {
                        "binary_format": "HEX",
                        "compression": "AUTO",
                        "date_format": "AUTO",
                        "empty_field_as_null": true,
                        "encoding": "UTF8",
                        "error_on_column_count_mismatch": true,
                        "escape": "NONE",
                        "escape_unenclosed_field": "\\\\",
                        "field_delimiter": ",",
                        "field_optionally_enclosed_by": "NONE",
                        "file_extension": "",
                        "multi_line": true,
                        "null_if": [
                          "\\\\N"
                        ],
                        "parse_header": false,
                        "record_delimiter": "\\n",
                        "replace_invalid_characters": false,
                        "skip_blank_lines": false,
                        "skip_byte_order_mark": true,
                        "skip_header": 0,
                        "time_format": "AUTO",
                        "timestamp_format": "AUTO",
                        "trim_space": false,
                        "type": "CSV",
                        "validate_utf8": true
                      }
                    ],
                    "format_name": "",
                    "json": [],
                    "orc": [],
                    "parquet": [],
                    "xml": []
                  }
                ],
                "location": [
                  {
                    "aws_access_point_arn": "",
                    "url": [
                      "s3://cw-world-bank-data/loan-snapshots/"
                    ]
                  }
                ],
                "privatelink": [
                  {
                    "use_privatelink_endpoint": false
                  }
                ]
              }
            ],
            "directory": [],
            "encryption": [],
            "file_format": [],
            "fully_qualified_name": "\"CREDIT_DATA_PLATFORM\".\"PUBLIC\".\"WORLD_BANK_DATA_STAGE\"",
            "id": "\"CREDIT_DATA_PLATFORM\".\"PUBLIC\".\"WORLD_BANK_DATA_STAGE\"",
            "name": "WORLD_BANK_DATA_STAGE",
            "schema": "PUBLIC",
            "show_output": [
              {
                "cloud": "AWS",
                "comment": "",
                "created_on": "2026-03-18 19:59:12.07 -0700 PDT",
                "database_name": "CREDIT_DATA_PLATFORM",
                "directory_enabled": false,
                "endpoint": "",
                "has_credentials": false,
                "has_encryption_key": false,
                "name": "WORLD_BANK_DATA_STAGE",
                "owner": "SYSADMIN",
                "owner_role_type": "ROLE",
                "region": "us-east-2",
                "schema_name": "PUBLIC",
                "storage_integration": "cw_snowflake_storage_integration",
                "type": "EXTERNAL",
                "url": "s3://cw-world-bank-data/loan-snapshots/"
              }
            ],
            "stage_type": "EXTERNAL",
            "storage_integration": "cw_snowflake_storage_integration",
            "timeouts": null,
            "url": "s3://cw-world-bank-data/loan-snapshots/",
            "use_privatelink_endpoint": "default"
          },
          "sensitive_attributes": [],
          "identity_schema_version": 0,
          "private": "eyJlMmJmYjczMC1lY2FhLTExZTYtOGY4OC0zNDM2M2JjN2M0YzAiOnsiY3JlYXRlIjoxMjAwMDAwMDAwMDAwLCJkZWxldGUiOjEyMDAwMDAwMDAwMDAsInJlYWQiOjEyMDAwMDAwMDAwMDAsInVwZGF0ZSI6MTIwMDAwMDAwMDAwMH0sInNjaGVtYV92ZXJzaW9uIjoiMSJ9",
          "dependencies": [
            "aws_s3_bucket.cw_world_bank_data",
            "data.aws_caller_identity.current",
            "snowflake_database.credit_data_platform",
            "snowflake_storage_integration_aws.cw_s3_integration"
          ]
        }
      ]
    },
    {
      "mode": "managed",
      "type": "snowflake_storage_integration_aws",
      "name": "cw_s3_integration",
      "provider": "provider[\"registry.terraform.io/snowflakedb/snowflake\"].accountadmin",
      "instances": [
        {
          "schema_version": 0,
          "attributes": {
            "comment": "",
            "describe_output": [
              {
                "allowed_locations": [
                  "s3://cw-world-bank-data/loan-snapshots/"
                ],
                "blocked_locations": [],
                "comment": "",
                "enabled": true,
                "external_id": "IC30634_SFCRole=5_QGtiPwbhe6SY7+NmH6SrmziyL/Y=",
                "iam_user_arn": "arn:aws:iam::950742489754:user/9omj1000-s",
                "id": "cw_snowflake_storage_integration",
                "object_acl": "",
                "provider": "S3",
                "role_arn": "arn:aws:iam::481665089875:role/snowflake-s3-role",
                "use_privatelink_endpoint": false
              }
            ],
            "enabled": true,
            "fully_qualified_name": "\"cw_snowflake_storage_integration\"",
            "id": "cw_snowflake_storage_integration",
            "name": "cw_snowflake_storage_integration",
            "show_output": [
              {
                "category": "STORAGE",
                "comment": "",
                "created_on": "2026-03-15 20:08:39.033 -0700 PDT",
                "enabled": true,
                "name": "cw_snowflake_storage_integration",
                "storage_type": "EXTERNAL_STAGE"
              }
            ],
            "storage_allowed_locations": [
              "s3://cw-world-bank-data/loan-snapshots/"
            ],
            "storage_aws_external_id": null,
            "storage_aws_object_acl": "",
            "storage_aws_role_arn": "arn:aws:iam::481665089875:role/snowflake-s3-role",
            "storage_blocked_locations": [],
            "storage_provider": "S3",
            "timeouts": null,
            "use_privatelink_endpoint": "default"
          },
          "sensitive_attributes": [],
          "identity_schema_version": 0,
          "private": "eyJlMmJmYjczMC1lY2FhLTExZTYtOGY4OC0zNDM2M2JjN2M0YzAiOnsiY3JlYXRlIjoxMjAwMDAwMDAwMDAwLCJkZWxldGUiOjEyMDAwMDAwMDAwMDAsInJlYWQiOjEyMDAwMDAwMDAwMDAsInVwZGF0ZSI6MTIwMDAwMDAwMDAwMH19",
          "dependencies": [
            "aws_s3_bucket.cw_world_bank_data",
            "data.aws_caller_identity.current"
          ]
        }
      ]
    },
    {
      "mode": "managed",
      "type": "snowflake_table",
      "name": "world_bank_loan_snapshots",
      "provider": "provider[\"registry.terraform.io/snowflakedb/snowflake\"].sysadmin",
      "instances": [
        {
          "schema_version": 0,
          "attributes": {
            "change_tracking": true,
            "cluster_by": [],
            "column": [
              {
                "collate": "",
                "comment": "",
                "default": [],
                "identity": [],
                "masking_policy": "",
                "name": "jsontext",
                "nullable": true,
                "schema_evolution_record": "",
                "type": "VARIANT"
              }
            ],
            "comment": "",
            "data_retention_time_in_days": 1,
            "database": "CREDIT_DATA_PLATFORM",
            "fully_qualified_name": "\"CREDIT_DATA_PLATFORM\".\"RAW\".\"snowpipe_loan_snapshots\"",
            "id": "CREDIT_DATA_PLATFORM|RAW|snowpipe_loan_snapshots",
            "name": "snowpipe_loan_snapshots",
            "owner": "SYSADMIN",
            "primary_key": [],
            "schema": "RAW",
            "tag": [],
            "timeouts": null
          },
          "sensitive_attributes": [],
          "identity_schema_version": 0,
          "private": "eyJlMmJmYjczMC1lY2FhLTExZTYtOGY4OC0zNDM2M2JjN2M0YzAiOnsiY3JlYXRlIjoxMjAwMDAwMDAwMDAwLCJkZWxldGUiOjEyMDAwMDAwMDAwMDAsInJlYWQiOjEyMDAwMDAwMDAwMDAsInVwZGF0ZSI6MTIwMDAwMDAwMDAwMH19",
          "dependencies": [
            "snowflake_database.credit_data_platform",
            "snowflake_schema.raw_schema"
          ]
        }
      ]
    }
  ],
  "check_results": null
}
