{
  "version": 4,
  "terraform_version": "1.13.3",
  "serial": 47,
  "lineage": "b4103def-1b95-4ded-3c45-032533da6e10",
  "outputs": {},
  "resources": [
    {
      "mode": "data",
      "type": "aws_caller_identity",
      "name": "current",
      "provider": "provider[\"registry.terraform.io/hashicorp/aws\"]",
      "instances": [
        {
          "schema_version": 0,
          "attributes": {
            "account_id": "481665089875",
            "arn": "arn:aws:iam::481665089875:user/data_engineer",
            "id": "481665089875",
            "user_id": "AIDAXAJL2AFJT7PQIYJD7"
          },
          "sensitive_attributes": [],
          "identity_schema_version": 0
        }
      ]
    },
    {
      "mode": "data",
      "type": "aws_iam_policy_document",
      "name": "cw_s3_bucket_policy",
      "provider": "provider[\"registry.terraform.io/hashicorp/aws\"]",
      "instances": [
        {
          "schema_version": 0,
          "attributes": {
            "id": "1307809449",
            "json": "{\n  \"Version\": \"2012-10-17\",\n  \"Statement\": [\n    {\n      \"Effect\": \"Allow\",\n      \"Action\": [\n        \"s3:ListBucket\",\n        \"s3:GetObjectVersion\",\n        \"s3:GetObject\",\n        \"s3:GetBucketLocation\"\n      ],\n      \"Resource\": [\n        \"arn:aws:s3:::cw-world-bank-data/*\",\n        \"arn:aws:s3:::cw-world-bank-data\"\n      ]\n    }\n  ]\n}",
            "minified_json": "{\"Version\":\"2012-10-17\",\"Statement\":[{\"Effect\":\"Allow\",\"Action\":[\"s3:ListBucket\",\"s3:GetObjectVersion\",\"s3:GetObject\",\"s3:GetBucketLocation\"],\"Resource\":[\"arn:aws:s3:::cw-world-bank-data/*\",\"arn:aws:s3:::cw-world-bank-data\"]}]}",
            "override_json": null,
            "override_policy_documents": null,
            "policy_id": null,
            "source_json": null,
            "source_policy_documents": null,
            "statement": [
              {
                "actions": [
                  "s3:GetBucketLocation",
                  "s3:GetObject",
                  "s3:GetObjectVersion",
                  "s3:ListBucket"
                ],
                "condition": [],
                "effect": "Allow",
                "not_actions": [],
                "not_principals": [],
                "not_resources": [],
                "principals": [],
                "resources": [
                  "arn:aws:s3:::cw-world-bank-data",
                  "arn:aws:s3:::cw-world-bank-data/*"
                ],
                "sid": ""
              }
            ],
            "version": "2012-10-17"
          },
          "sensitive_attributes": [],
          "identity_schema_version": 0
        }
      ]
    },
    {
      "mode": "data",
      "type": "aws_iam_policy_document",
      "name": "snowflake_trust",
      "provider": "provider[\"registry.terraform.io/hashicorp/aws\"]",
      "instances": [
        {
          "schema_version": 0,
          "attributes": {
            "id": "581452355",
            "json": "{\n  \"Version\": \"2012-10-17\",\n  \"Statement\": [\n    {\n      \"Effect\": \"Allow\",\n      \"Action\": \"sts:AssumeRole\",\n      \"Principal\": {\n        \"AWS\": \"arn:aws:iam::950742489754:user/9omj1000-s\"\n      },\n      \"Condition\": {\n        \"StringEquals\": {\n          \"sts:ExternalId\": \"IC30634_SFCRole=5_QGtiPwbhe6SY7+NmH6SrmziyL/Y=\"\n        }\n      }\n    }\n  ]\n}",
            "minified_json": "{\"Version\":\"2012-10-17\",\"Statement\":[{\"Effect\":\"Allow\",\"Action\":\"sts:AssumeRole\",\"Principal\":{\"AWS\":\"arn:aws:iam::950742489754:user/9omj1000-s\"},\"Condition\":{\"StringEquals\":{\"sts:ExternalId\":\"IC30634_SFCRole=5_QGtiPwbhe6SY7+NmH6SrmziyL/Y=\"}}}]}",
            "override_json": null,
            "override_policy_documents": null,
            "policy_id": null,
            "source_json": null,
            "source_policy_documents": null,
            "statement": [
              {
                "actions": [
                  "sts:AssumeRole"
                ],
                "condition": [
                  {
                    "test": "StringEquals",
                    "values": [
                      "IC30634_SFCRole=5_QGtiPwbhe6SY7+NmH6SrmziyL/Y="
                    ],
                    "variable": "sts:ExternalId"
                  }
                ],
                "effect": "Allow",
                "not_actions": [],
                "not_principals": [],
                "not_resources": [],
                "principals": [
                  {
                    "identifiers": [
                      "arn:aws:iam::950742489754:user/9omj1000-s"
                    ],
                    "type": "AWS"
                  }
                ],
                "resources": [],
                "sid": ""
              }
            ],
            "version": "2012-10-17"
          },
          "sensitive_attributes": [],
          "identity_schema_version": 0
        }
      ]
    },
    {
      "mode": "managed",
      "type": "aws_iam_policy",
      "name": "snowflake_access",
      "provider": "provider[\"registry.terraform.io/hashicorp/aws\"]",
      "instances": [
        {
          "schema_version": 0,
          "attributes": {
            "arn": "arn:aws:iam::481665089875:policy/snowflake_access_policy",
            "attachment_count": 1,
            "description": "Policy to allow Snowflake to access S3 bucket for data ingestion",
            "id": "arn:aws:iam::481665089875:policy/snowflake_access_policy",
            "name": "snowflake_access_policy",
            "name_prefix": "",
            "path": "/",
            "policy": "{\"Statement\":[{\"Action\":[\"s3:ListBucket\",\"s3:GetObjectVersion\",\"s3:GetObject\",\"s3:GetBucketLocation\"],\"Effect\":\"Allow\",\"Resource\":[\"arn:aws:s3:::cw-world-bank-data/*\",\"arn:aws:s3:::cw-world-bank-data\"]}],\"Version\":\"2012-10-17\"}",
            "policy_id": "ANPAXAJL2AFJTWLLWH7HN",
            "tags": {},
            "tags_all": {}
          },
          "sensitive_attributes": [],
          "identity_schema_version": 0,
          "private": "bnVsbA==",
          "dependencies": [
            "aws_s3_bucket.cw_world_bank_data",
            "data.aws_iam_policy_document.cw_s3_bucket_policy"
          ]
        }
      ]
    },
    {
      "mode": "managed",
      "type": "aws_iam_role",
      "name": "cw_snowflake_role",
      "provider": "provider[\"registry.terraform.io/hashicorp/aws\"]",
      "instances": [
        {
          "schema_version": 0,
          "attributes": {
            "arn": "arn:aws:iam::481665089875:role/snowflake-s3-role",
            "assume_role_policy": "{\"Statement\":[{\"Action\":\"sts:AssumeRole\",\"Condition\":{\"StringEquals\":{\"sts:ExternalId\":\"IC30634_SFCRole=5_QGtiPwbhe6SY7+NmH6SrmziyL/Y=\"}},\"Effect\":\"Allow\",\"Principal\":{\"AWS\":\"arn:aws:iam::950742489754:user/9omj1000-s\"}}],\"Version\":\"2012-10-17\"}",
            "create_date": "2026-03-16T03:56:50Z",
            "description": "",
            "force_detach_policies": false,
            "id": "snowflake-s3-role",
            "inline_policy": [],
            "managed_policy_arns": [
              "arn:aws:iam::481665089875:policy/snowflake_access_policy"
            ],
            "max_session_duration": 3600,
            "name": "snowflake-s3-role",
            "name_prefix": "",
            "path": "/",
            "permissions_boundary": "",
            "tags": {},
            "tags_all": {},
            "unique_id": "AROAXAJL2AFJ44GRCJKRO"
          },
          "sensitive_attributes": [],
          "identity_schema_version": 0,
          "private": "bnVsbA==",
          "dependencies": [
            "aws_s3_bucket.cw_world_bank_data",
            "data.aws_caller_identity.current",
            "data.aws_iam_policy_document.snowflake_trust",
            "snowflake_storage_integration_aws.cw_s3_integration"
          ]
        }
      ]
    },
    {
      "mode": "managed",
      "type": "aws_iam_role_policy_attachment",
      "name": "cw_attach_s3_policy",
      "provider": "provider[\"registry.terraform.io/hashicorp/aws\"]",
      "instances": [
        {
          "schema_version": 0,
          "attributes": {
            "id": "snowflake-s3-role-20260316035651034100000001",
            "policy_arn": "arn:aws:iam::481665089875:policy/snowflake_access_policy",
            "role": "snowflake-s3-role"
          },
          "sensitive_attributes": [],
          "identity_schema_version": 0,
          "private": "bnVsbA==",
          "dependencies": [
            "aws_iam_policy.snowflake_access",
            "aws_iam_role.cw_snowflake_role",
            "aws_s3_bucket.cw_world_bank_data",
            "data.aws_caller_identity.current",
            "data.aws_iam_policy_document.cw_s3_bucket_policy",
            "data.aws_iam_policy_document.snowflake_trust",
            "snowflake_storage_integration_aws.cw_s3_integration"
          ]
        }
      ]
    },
    {
      "mode": "managed",
      "type": "aws_s3_bucket",
      "name": "cw_world_bank_data",
      "provider": "provider[\"registry.terraform.io/hashicorp/aws\"]",
      "instances": [
        {
          "schema_version": 0,
          "attributes": {
            "acceleration_status": "",
            "acl": null,
            "arn": "arn:aws:s3:::cw-world-bank-data",
            "bucket": "cw-world-bank-data",
            "bucket_domain_name": "cw-world-bank-data.s3.amazonaws.com",
            "bucket_prefix": "",
            "bucket_regional_domain_name": "cw-world-bank-data.s3.us-east-2.amazonaws.com",
            "cors_rule": [],
            "force_destroy": false,
            "grant": [
              {
                "id": "25c3d75af114a80332e296cbaaf3af7419644278580bf2d147548970d42f1fab",
                "permissions": [
                  "FULL_CONTROL"
                ],
                "type": "CanonicalUser",
                "uri": ""
              }
            ],
            "hosted_zone_id": "Z2O1EMRO9K5GLX",
            "id": "cw-world-bank-data",
            "lifecycle_rule": [
              {
                "abort_incomplete_multipart_upload_days": 0,
                "enabled": true,
                "expiration": [],
                "id": "Transition to Glacier after 30 days",
                "noncurrent_version_expiration": [],
                "noncurrent_version_transition": [],
                "prefix": "loan-snapshots/",
                "tags": {},
                "transition": [
                  {
                    "date": "",
                    "days": 180,
                    "storage_class": "GLACIER"
                  }
                ]
              }
            ],
            "logging": [],
            "object_lock_configuration": [],
            "object_lock_enabled": false,
            "policy": "",
            "region": "us-east-2",
            "replication_configuration": [],
            "request_payer": "BucketOwner",
            "server_side_encryption_configuration": [
              {
                "rule": [
                  {
                    "apply_server_side_encryption_by_default": [
                      {
                        "kms_master_key_id": "",
                        "sse_algorithm": "AES256"
                      }
                    ],
                    "bucket_key_enabled": false
                  }
                ]
              }
            ],
            "tags": {
              "Environment": "Production",
              "Name": "World Bank Data",
              "Project": "Credit Warehouse"
            },
            "tags_all": {
              "Environment": "Production",
              "Name": "World Bank Data",
              "Project": "Credit Warehouse"
            },
            "timeouts": null,
            "versioning": [
              {
                "enabled": false,
                "mfa_delete": false
              }
            ],
            "website": [],
            "website_domain": null,
            "website_endpoint": null
          },
          "sensitive_attributes": [],
          "identity_schema_version": 0,
          "private": "eyJlMmJmYjczMC1lY2FhLTExZTYtOGY4OC0zNDM2M2JjN2M0YzAiOnsiY3JlYXRlIjoxMjAwMDAwMDAwMDAwLCJkZWxldGUiOjM2MDAwMDAwMDAwMDAsInJlYWQiOjEyMDAwMDAwMDAwMDAsInVwZGF0ZSI6MTIwMDAwMDAwMDAwMH19"
        }
      ]
    },
    {
      "mode": "managed",
      "type": "aws_s3_bucket_lifecycle_configuration",
      "name": "cw_world_bank_data_lifecycle",
      "provider": "provider[\"registry.terraform.io/hashicorp/aws\"]",
      "instances": [
        {
          "schema_version": 1,
          "attributes": {
            "bucket": "cw-world-bank-data",
            "expected_bucket_owner": "",
            "id": "cw-world-bank-data",
            "rule": [
              {
                "abort_incomplete_multipart_upload": [],
                "expiration": [],
                "filter": [
                  {
                    "and": [],
                    "object_size_greater_than": null,
                    "object_size_less_than": null,
                    "prefix": "loan-snapshots/",
                    "tag": []
                  }
                ],
                "id": "Transition to Glacier after 30 days",
                "noncurrent_version_expiration": [],
                "noncurrent_version_transition": [],
                "prefix": "",
                "status": "Enabled",
                "transition": [
                  {
                    "date": null,
                    "days": 180,
                    "storage_class": "GLACIER"
                  }
                ]
              }
            ],
            "timeouts": null,
            "transition_default_minimum_object_size": "all_storage_classes_128K"
          },
          "sensitive_attributes": [],
          "identity_schema_version": 0,
          "dependencies": [
            "aws_s3_bucket.cw_world_bank_data"
          ]
        }
      ]
    },
    {
      "mode": "managed",
      "type": "aws_s3_bucket_notification",
      "name": "bucket_notification",
      "provider": "provider[\"registry.terraform.io/hashicorp/aws\"]",
      "instances": [
        {
          "schema_version": 0,
          "attributes": {
            "bucket": "cw-world-bank-data",
            "eventbridge": false,
            "id": "cw-world-bank-data",
            "lambda_function": [],
            "queue": [
              {
                "events": [
                  "s3:ObjectCreated:*"
                ],
                "filter_prefix": "loan-snapshots/",
                "filter_suffix": "",
                "id": "snowpipe_notification",
                "queue_arn": "arn:aws:sqs:us-east-2:950742489754:sf-snowpipe-AIDA52XFLDKNA6XMBLAUU-QDHsY0cnIq7otKQaJhPixA"
              }
            ],
            "topic": []
          },
          "sensitive_attributes": [],
          "identity_schema_version": 0,
          "private": "bnVsbA==",
          "dependencies": [
            "aws_s3_bucket.cw_world_bank_data",
            "data.aws_caller_identity.current",
            "snowflake_database.credit_data_platform",
            "snowflake_pipe.world_bank_data_pipe",
            "snowflake_schema.raw_schema",
            "snowflake_stage_external_s3.world_bank_data_stage",
            "snowflake_storage_integration_aws.cw_s3_integration",
            "snowflake_table.world_bank_loan_snapshots"
          ]
        }
      ]
    },
    {
      "mode": "managed",
      "type": "snowflake_database",
      "name": "credit_data_platform",
      "provider": "provider[\"registry.terraform.io/snowflakedb/snowflake\"].sysadmin",
      "instances": [
        {
          "schema_version": 1,
          "attributes": {
            "catalog": "",
            "comment": "",
            "data_retention_time_in_days": 1,
            "default_ddl_collation": "",
            "drop_public_schema_on_creation": null,
            "enable_console_output": false,
            "external_volume": "",
            "fully_qualified_name": "\"CREDIT_DATA_PLATFORM\"",
            "id": "CREDIT_DATA_PLATFORM",
            "is_transient": false,
            "log_level": "OFF",
            "max_data_extension_time_in_days": 14,
            "name": "CREDIT_DATA_PLATFORM",
            "quoted_identifiers_ignore_case": false,
            "replace_invalid_characters": false,
            "replication": [],
            "storage_serialization_policy": "OPTIMIZED",
            "suspend_task_after_num_failures": 10,
            "task_auto_retry_attempts": 0,
            "timeouts": null,
            "trace_level": "OFF",
            "user_task_managed_initial_warehouse_size": "Medium",
            "user_task_minimum_trigger_interval_in_seconds": 30,
            "user_task_timeout_ms": 3600000
          },
          "sensitive_attributes": [],
          "identity_schema_version": 0,
          "private": "eyJlMmJmYjczMC1lY2FhLTExZTYtOGY4OC0zNDM2M2JjN2M0YzAiOnsiY3JlYXRlIjoxMjAwMDAwMDAwMDAwLCJkZWxldGUiOjEyMDAwMDAwMDAwMDAsInJlYWQiOjEyMDAwMDAwMDAwMDAsInVwZGF0ZSI6MTIwMDAwMDAwMDAwMH0sInNjaGVtYV92ZXJzaW9uIjoiMSJ9"
        }
      ]
    },
    {
      "mode": "managed",
      "type": "snowflake_grant_account_role",
      "name": "dbt_svc_role_grant",
      "provider": "provider[\"registry.terraform.io/snowflakedb/snowflake\"].accountadmin",
      "instances": [
        {
          "schema_version": 0,
          "attributes": {
            "id": "\"DBT_ROLE\"|USER|\"DBT_SVC\"",
            "parent_role_name": null,
            "role_name": "DBT_ROLE",
            "timeouts": null,
            "user_name": "DBT_SVC"
          },
          "sensitive_attributes": [],
          "identity_schema_version": 0,
          "private": "eyJlMmJmYjczMC1lY2FhLTExZTYtOGY4OC0zNDM2M2JjN2M0YzAiOnsiY3JlYXRlIjoxMjAwMDAwMDAwMDAwLCJkZWxldGUiOjEyMDAwMDAwMDAwMDAsInJlYWQiOjEyMDAwMDAwMDAwMDAsInVwZGF0ZSI6MTIwMDAwMDAwMDAwMH19",
          "dependencies": [
            "snowflake_user.dbt_svc",
            "snowflake_warehouse.credit_data_platform_warehouse"
          ]
        }
      ]
    },
    {
      "mode": "managed",
      "type": "snowflake_grant_privileges_to_account_role",
      "name": "database_usage_grant",
      "provider": "provider[\"registry.terraform.io/snowflakedb/snowflake\"].sysadmin",
      "instances": [
        {
          "schema_version": 0,
          "attributes": {
            "account_role_name": "DBT_ROLE",
            "all_privileges": true,
            "always_apply": false,
            "always_apply_trigger": null,
            "id": "\"DBT_ROLE\"|false|false|ALL|OnAccountObject|DATABASE|\"CREDIT_DATA_PLATFORM\"",
            "on_account": false,
            "on_account_object": [
              {
                "object_name": "CREDIT_DATA_PLATFORM",
                "object_type": "DATABASE"
              }
            ],
            "on_schema": [],
            "on_schema_object": [],
            "privileges": null,
            "strict_privilege_management": false,
            "timeouts": null,
            "with_grant_option": false
          },
          "sensitive_attributes": [],
          "identity_schema_version": 0,
          "private": "eyJlMmJmYjczMC1lY2FhLTExZTYtOGY4OC0zNDM2M2JjN2M0YzAiOnsiY3JlYXRlIjoxMjAwMDAwMDAwMDAwLCJkZWxldGUiOjEyMDAwMDAwMDAwMDAsInJlYWQiOjEyMDAwMDAwMDAwMDAsInVwZGF0ZSI6MTIwMDAwMDAwMDAwMH19",
          "dependencies": [
            "snowflake_database.credit_data_platform"
          ]
        }
      ]
    },
    {
      "mode": "managed",
      "type": "snowflake_grant_privileges_to_account_role",
      "name": "snowpipe_integration_grant",
      "provider": "provider[\"registry.terraform.io/snowflakedb/snowflake\"].accountadmin",
      "instances": [
        {
          "schema_version": 0,
          "attributes": {
            "account_role_name": "SYSADMIN",
            "all_privileges": false,
            "always_apply": false,
            "always_apply_trigger": null,
            "id": "\"SYSADMIN\"|false|false|USAGE|OnAccountObject|INTEGRATION|\"cw_snowflake_storage_integration\"",
            "on_account": false,
            "on_account_object": [
              {
                "object_name": "cw_snowflake_storage_integration",
                "object_type": "INTEGRATION"
              }
            ],
            "on_schema": [],
            "on_schema_object": [],
            "privileges": [
              "USAGE"
            ],
            "strict_privilege_management": false,
            "timeouts": null,
            "with_grant_option": false
          },
          "sensitive_attributes": [],
          "identity_schema_version": 0,
          "private": "eyJlMmJmYjczMC1lY2FhLTExZTYtOGY4OC0zNDM2M2JjN2M0YzAiOnsiY3JlYXRlIjoxMjAwMDAwMDAwMDAwLCJkZWxldGUiOjEyMDAwMDAwMDAwMDAsInJlYWQiOjEyMDAwMDAwMDAwMDAsInVwZGF0ZSI6MTIwMDAwMDAwMDAwMH19",
          "dependencies": [
            "aws_s3_bucket.cw_world_bank_data",
            "data.aws_caller_identity.current",
            "snowflake_storage_integration_aws.cw_s3_integration"
          ]
        }
      ]
    },
    {
      "mode": "managed",
      "type": "snowflake_grant_privileges_to_account_role",
      "name": "warehouse_usage_grant",
      "provider": "provider[\"registry.terraform.io/snowflakedb/snowflake\"].sysadmin",
      "instances": [
        {
          "schema_version": 0,
          "attributes": {
            "account_role_name": "DBT_ROLE",
            "all_privileges": false,
            "always_apply": false,
            "always_apply_trigger": null,
            "id": "\"DBT_ROLE\"|false|false|USAGE|OnAccountObject|WAREHOUSE|\"CREDIT_DATA_PLATFORM_WH\"",
            "on_account": false,
            "on_account_object": [
              {
                "object_name": "\"CREDIT_DATA_PLATFORM_WH\"",
                "object_type": "WAREHOUSE"
              }
            ],
            "on_schema": [],
            "on_schema_object": [],
            "privileges": [
              "USAGE"
            ],
            "strict_privilege_management": false,
            "timeouts": null,
            "with_grant_option": false
          },
          "sensitive_attributes": [],
          "identity_schema_version": 0,
          "private": "eyJlMmJmYjczMC1lY2FhLTExZTYtOGY4OC0zNDM2M2JjN2M0YzAiOnsiY3JlYXRlIjoxMjAwMDAwMDAwMDAwLCJkZWxldGUiOjEyMDAwMDAwMDAwMDAsInJlYWQiOjEyMDAwMDAwMDAwMDAsInVwZGF0ZSI6MTIwMDAwMDAwMDAwMH19",
          "dependencies": [
            "snowflake_warehouse.credit_data_platform_warehouse"
          ]
        }
      ]
    },
    {
      "mode": "managed",
      "type": "snowflake_pipe",
      "name": "world_bank_data_pipe",
      "provider": "provider[\"registry.terraform.io/snowflakedb/snowflake\"].sysadmin",
      "instances": [
        {
          "schema_version": 0,
          "attributes": {
            "auto_ingest": true,
            "aws_sns_topic_arn": null,
            "comment": "",
            "copy_statement": "COPY INTO \"CREDIT_DATA_PLATFORM\".\"RAW\".\"snowpipe_loan_snapshots\"\nFROM @\"CREDIT_DATA_PLATFORM\".\"PUBLIC\".\"WORLD_BANK_DATA_STAGE\"\nFILE_FORMAT = (TYPE = 'JSON')",
            "database": "CREDIT_DATA_PLATFORM",
            "error_integration": "",
            "fully_qualified_name": "\"CREDIT_DATA_PLATFORM\".\"RAW\".\"WORLD_BANK_DATA_PIPE\"",
            "id": "CREDIT_DATA_PLATFORM|RAW|WORLD_BANK_DATA_PIPE",
            "integration": null,
            "name": "WORLD_BANK_DATA_PIPE",
            "notification_channel": "arn:aws:sqs:us-east-2:950742489754:sf-snowpipe-AIDA52XFLDKNA6XMBLAUU-QDHsY0cnIq7otKQaJhPixA",
            "owner": "SYSADMIN",
            "schema": "RAW",
            "timeouts": null
          },
          "sensitive_attributes": [],
          "identity_schema_version": 0,
          "private": "eyJlMmJmYjczMC1lY2FhLTExZTYtOGY4OC0zNDM2M2JjN2M0YzAiOnsiY3JlYXRlIjoxMjAwMDAwMDAwMDAwLCJkZWxldGUiOjEyMDAwMDAwMDAwMDAsInJlYWQiOjEyMDAwMDAwMDAwMDAsInVwZGF0ZSI6MTIwMDAwMDAwMDAwMH19",
          "dependencies": [
            "aws_s3_bucket.cw_world_bank_data",
            "data.aws_caller_identity.current",
            "snowflake_database.credit_data_platform",
            "snowflake_schema.raw_schema",
            "snowflake_stage_external_s3.world_bank_data_stage",
            "snowflake_storage_integration_aws.cw_s3_integration",
            "snowflake_table.world_bank_loan_snapshots"
          ]
        }
      ]
    },
    {
      "mode": "managed",
      "type": "snowflake_schema",
      "name": "raw_schema",
      "provider": "provider[\"registry.terraform.io/snowflakedb/snowflake\"].sysadmin",
      "instances": [
        {
          "schema_version": 2,
          "attributes": {
            "catalog": "",
            "comment": "",
            "data_retention_time_in_days": 1,
            "database": "CREDIT_DATA_PLATFORM",
            "default_ddl_collation": "",
            "describe_output": [
              {
                "created_on": "2026-03-18 19:59:12.256 -0700 PDT",
                "kind": "TABLE",
                "name": "snowpipe_loan_snapshots"
              }
            ],
            "enable_console_output": false,
            "external_volume": "",
            "fully_qualified_name": "\"CREDIT_DATA_PLATFORM\".\"RAW\"",
            "id": "\"CREDIT_DATA_PLATFORM\".\"RAW\"",
            "is_transient": "default",
            "log_level": "OFF",
            "max_data_extension_time_in_days": 14,
            "name": "RAW",
            "parameters": [
              {
                "catalog": [
                  {
                    "default": "",
                    "description": "Name of the catalog integration to use for iceberg tables",
                    "key": "CATALOG",
                    "level": "",
                    "value": ""
                  }
                ],
                "data_retention_time_in_days": [
                  {
                    "default": "1",
                    "description": "number of days to retain the old version of deleted/updated data",
                    "key": "DATA_RETENTION_TIME_IN_DAYS",
                    "level": "SCHEMA",
                    "value": "1"
                  }
                ],
                "default_ddl_collation": [
                  {
                    "default": "",
                    "description": "Collation that is used for all the new columns created by the DDL statements (if not specified)",
                    "key": "DEFAULT_DDL_COLLATION",
                    "level": "",
                    "value": ""
                  }
                ],
                "enable_console_output": [
                  {
                    "default": "false",
                    "description": "Enable stdout/stderr fast path logging for anonyous stored procs. This is a public parameter (similar to LOG_LEVEL).",
                    "key": "ENABLE_CONSOLE_OUTPUT",
                    "level": "",
                    "value": "false"
                  }
                ],
                "external_volume": [
                  {
                    "default": "",
                    "description": "Name of an external volume that will be used for persisted Iceberg metadata and data files.",
                    "key": "EXTERNAL_VOLUME",
                    "level": "",
                    "value": ""
                  }
                ],
                "log_level": [
                  {
                    "default": "OFF",
                    "description": "LOG_LEVEL to use when filtering events",
                    "key": "LOG_LEVEL",
                    "level": "",
                    "value": "OFF"
                  }
                ],
                "max_data_extension_time_in_days": [
                  {
                    "default": "14",
                    "description": "Maximum number of days to extend data retention beyond the retention period to prevent a stream becoming stale.",
                    "key": "MAX_DATA_EXTENSION_TIME_IN_DAYS",
                    "level": "",
                    "value": "14"
                  }
                ],
                "pipe_execution_paused": [
                  {
                    "default": "false",
                    "description": "Pause processing of files for a pipe",
                    "key": "PIPE_EXECUTION_PAUSED",
                    "level": "",
                    "value": "false"
                  }
                ],
                "quoted_identifiers_ignore_case": [
                  {
                    "default": "false",
                    "description": "If true, the case of quoted identifiers is ignored",
                    "key": "QUOTED_IDENTIFIERS_IGNORE_CASE",
                    "level": "",
                    "value": "false"
                  }
                ],
                "replace_invalid_characters": [
                  {
                    "default": "false",
                    "description": "Replace invalid UTF-8 characters found in Iceberg table external data files with the Unicode replacement character",
                    "key": "REPLACE_INVALID_CHARACTERS",
                    "level": "",
                    "value": "false"
                  }
                ],
                "storage_serialization_policy": [
                  {
                    "default": "OPTIMIZED",
                    "description": "Storage serialization policy used for managed Iceberg table. This include encodings and compressions",
                    "key": "STORAGE_SERIALIZATION_POLICY",
                    "level": "",
                    "value": "OPTIMIZED"
                  }
                ],
                "suspend_task_after_num_failures": [
                  {
                    "default": "10",
                    "description": "How many times a task must fail in a row before it is automatically suspended. 0 disables auto-suspending.",
                    "key": "SUSPEND_TASK_AFTER_NUM_FAILURES",
                    "level": "",
                    "value": "10"
                  }
                ],
                "task_auto_retry_attempts": [
                  {
                    "default": "0",
                    "description": "Maximum Automatic Retries Allowed For A User Task",
                    "key": "TASK_AUTO_RETRY_ATTEMPTS",
                    "level": "",
                    "value": "0"
                  }
                ],
                "trace_level": [
                  {
                    "default": "OFF",
                    "description": "Trace level value to use when generating/filtering trace events",
                    "key": "TRACE_LEVEL",
                    "level": "",
                    "value": "OFF"
                  }
                ],
                "user_task_managed_initial_warehouse_size": [
                  {
                    "default": "Medium",
                    "description": "The initial size of warehouse to use for managed warehouses in the absence of history",
                    "key": "USER_TASK_MANAGED_INITIAL_WAREHOUSE_SIZE",
                    "level": "",
                    "value": "Medium"
                  }
                ],
                "user_task_minimum_trigger_interval_in_seconds": [
                  {
                    "default": "30",
                    "description": "Minimum amount of time between Triggered Task executions in seconds",
                    "key": "USER_TASK_MINIMUM_TRIGGER_INTERVAL_IN_SECONDS",
                    "level": "",
                    "value": "30"
                  }
                ],
                "user_task_timeout_ms": [
                  {
                    "default": "3600000",
                    "description": "User task execution timeout in milliseconds",
                    "key": "USER_TASK_TIMEOUT_MS",
                    "level": "",
                    "value": "3600000"
                  }
                ]
              }
            ],
            "pipe_execution_paused": false,
            "quoted_identifiers_ignore_case": false,
            "replace_invalid_characters": false,
            "show_output": [
              {
                "comment": "",
                "created_on": "2026-03-18 19:59:11.801 -0700 PDT",
                "database_name": "CREDIT_DATA_PLATFORM",
                "dropped_on": "0001-01-01 00:00:00 +0000 UTC",
                "is_current": false,
                "is_default": false,
                "name": "RAW",
                "options": "",
                "owner": "SYSADMIN",
                "owner_role_type": "ROLE",
                "retention_time": "1"
              }
            ],
            "storage_serialization_policy": "OPTIMIZED",
            "suspend_task_after_num_failures": 10,
            "task_auto_retry_attempts": 0,
            "timeouts": null,
            "trace_level": "OFF",
            "user_task_managed_initial_warehouse_size": "Medium",
            "user_task_minimum_trigger_interval_in_seconds": 30,
            "user_task_timeout_ms": 3600000,
            "with_managed_access": "default"
          },
          "sensitive_attributes": [],
          "identity_schema_version": 0,
          "private": "eyJlMmJmYjczMC1lY2FhLTExZTYtOGY4OC0zNDM2M2JjN2M0YzAiOnsiY3JlYXRlIjoxMjAwMDAwMDAwMDAwLCJkZWxldGUiOjEyMDAwMDAwMDAwMDAsInJlYWQiOjEyMDAwMDAwMDAwMDAsInVwZGF0ZSI6MTIwMDAwMDAwMDAwMH0sInNjaGVtYV92ZXJzaW9uIjoiMiJ9",
          "dependencies": [
            "snowflake_database.credit_data_platform"
          ]
        }
      ]
    },
    {
      "mode": "managed",
      "type": "snowflake_stage_external_s3",
      "name": "world_bank_data_stage",
      "provider": "provider[\"registry.terraform.io/snowflakedb/snowflake\"].sysadmin",
      "instances": [
        {
          "schema_version": 1,
          "attributes": {
            "aws_access_point_arn": "",
            "cloud": "AWS",
            "comment": "",
            "credentials": [],
            "database": "CREDIT_DATA_PLATFORM",
            "describe_output": [
              {
                "directory_table": [
                  {
                    "auto_refresh": false,
                    "enable": false,
                    "last_refreshed_on": ""
                  }
                ],
                "file_format": [
                  {
                    "avro": [],
                    "csv": [
                      {
                        "binary_format": "HEX",
                        "compression": "AUTO",
                        "date_format": "AUTO",
                        "empty_field_as_null": true,
                        "encoding": "UTF8",
                        "error_on_column_count_mismatch": true,
                        "escape": "NONE",
                        "escape_unenclosed_field": "\\\\",
                        "field_delimiter": ",",
                        "field_optionally_enclosed_by": "NONE",
                        "file_extension": "",
                        "multi_line": true,
                        "null_if": [
                          "\\\\N"
                        ],
                        "parse_header": false,
                        "record_delimiter": "\\n",
                        "replace_invalid_characters": false,
                        "skip_blank_lines": false,
                        "skip_byte_order_mark": true,
                        "skip_header": 0,
                        "time_format": "AUTO",
                        "timestamp_format": "AUTO",
                        "trim_space": false,
                        "type": "CSV",
                        "validate_utf8": true
                      }
                    ],
                    "format_name": "",
                    "json": [],
                    "orc": [],
                    "parquet": [],
                    "xml": []
                  }
                ],
                "location": [
                  {
                    "aws_access_point_arn": "",
                    "url": [
                      "s3://cw-world-bank-data/loan-snapshots/"
                    ]
                  }
                ],
                "privatelink": [
                  {
                    "use_privatelink_endpoint": false
                  }
                ]
              }
            ],
            "directory": [],
            "encryption": [],
            "file_format": [],
            "fully_qualified_name": "\"CREDIT_DATA_PLATFORM\".\"PUBLIC\".\"WORLD_BANK_DATA_STAGE\"",
            "id": "\"CREDIT_DATA_PLATFORM\".\"PUBLIC\".\"WORLD_BANK_DATA_STAGE\"",
            "name": "WORLD_BANK_DATA_STAGE",
            "schema": "PUBLIC",
            "show_output": [
              {
                "cloud": "AWS",
                "comment": "",
                "created_on": "2026-03-18 19:59:12.07 -0700 PDT",
                "database_name": "CREDIT_DATA_PLATFORM",
                "directory_enabled": false,
                "endpoint": "",
                "has_credentials": false,
                "has_encryption_key": false,
                "name": "WORLD_BANK_DATA_STAGE",
                "owner": "SYSADMIN",
                "owner_role_type": "ROLE",
                "region": "us-east-2",
                "schema_name": "PUBLIC",
                "storage_integration": "cw_snowflake_storage_integration",
                "type": "EXTERNAL",
                "url": "s3://cw-world-bank-data/loan-snapshots/"
              }
            ],
            "stage_type": "EXTERNAL",
            "storage_integration": "cw_snowflake_storage_integration",
            "timeouts": null,
            "url": "s3://cw-world-bank-data/loan-snapshots/",
            "use_privatelink_endpoint": "default"
          },
          "sensitive_attributes": [],
          "identity_schema_version": 0,
          "private": "eyJlMmJmYjczMC1lY2FhLTExZTYtOGY4OC0zNDM2M2JjN2M0YzAiOnsiY3JlYXRlIjoxMjAwMDAwMDAwMDAwLCJkZWxldGUiOjEyMDAwMDAwMDAwMDAsInJlYWQiOjEyMDAwMDAwMDAwMDAsInVwZGF0ZSI6MTIwMDAwMDAwMDAwMH0sInNjaGVtYV92ZXJzaW9uIjoiMSJ9",
          "dependencies": [
            "aws_s3_bucket.cw_world_bank_data",
            "data.aws_caller_identity.current",
            "snowflake_database.credit_data_platform",
            "snowflake_storage_integration_aws.cw_s3_integration"
          ]
        }
      ]
    },
    {
      "mode": "managed",
      "type": "snowflake_storage_integration_aws",
      "name": "cw_s3_integration",
      "provider": "provider[\"registry.terraform.io/snowflakedb/snowflake\"].accountadmin",
      "instances": [
        {
          "schema_version": 0,
          "attributes": {
            "comment": "",
            "describe_output": [
              {
                "allowed_locations": [
                  "s3://cw-world-bank-data/loan-snapshots/"
                ],
                "blocked_locations": [],
                "comment": "",
                "enabled": true,
                "external_id": "IC30634_SFCRole=5_QGtiPwbhe6SY7+NmH6SrmziyL/Y=",
                "iam_user_arn": "arn:aws:iam::950742489754:user/9omj1000-s",
                "id": "cw_snowflake_storage_integration",
                "object_acl": "",
                "provider": "S3",
                "role_arn": "arn:aws:iam::481665089875:role/snowflake-s3-role",
                "use_privatelink_endpoint": false
              }
            ],
            "enabled": true,
            "fully_qualified_name": "\"cw_snowflake_storage_integration\"",
            "id": "cw_snowflake_storage_integration",
            "name": "cw_snowflake_storage_integration",
            "show_output": [
              {
                "category": "STORAGE",
                "comment": "",
                "created_on": "2026-03-15 20:08:39.033 -0700 PDT",
                "enabled": true,
                "name": "cw_snowflake_storage_integration",
                "storage_type": "EXTERNAL_STAGE"
              }
            ],
            "storage_allowed_locations": [
              "s3://cw-world-bank-data/loan-snapshots/"
            ],
            "storage_aws_external_id": null,
            "storage_aws_object_acl": "",
            "storage_aws_role_arn": "arn:aws:iam::481665089875:role/snowflake-s3-role",
            "storage_blocked_locations": [],
            "storage_provider": "S3",
            "timeouts": null,
            "use_privatelink_endpoint": "default"
          },
          "sensitive_attributes": [],
          "identity_schema_version": 0,
          "private": "eyJlMmJmYjczMC1lY2FhLTExZTYtOGY4OC0zNDM2M2JjN2M0YzAiOnsiY3JlYXRlIjoxMjAwMDAwMDAwMDAwLCJkZWxldGUiOjEyMDAwMDAwMDAwMDAsInJlYWQiOjEyMDAwMDAwMDAwMDAsInVwZGF0ZSI6MTIwMDAwMDAwMDAwMH19",
          "dependencies": [
            "aws_s3_bucket.cw_world_bank_data",
            "data.aws_caller_identity.current"
          ]
        }
      ]
    },
    {
      "mode": "managed",
      "type": "snowflake_table",
      "name": "world_bank_loan_snapshots",
      "provider": "provider[\"registry.terraform.io/snowflakedb/snowflake\"].sysadmin",
      "instances": [
        {
          "schema_version": 0,
          "attributes": {
            "change_tracking": true,
            "cluster_by": [],
            "column": [
              {
                "collate": "",
                "comment": "",
                "default": [],
                "identity": [],
                "masking_policy": "",
                "name": "jsontext",
                "nullable": true,
                "schema_evolution_record": "",
                "type": "VARIANT"
              }
            ],
            "comment": "",
            "data_retention_time_in_days": 1,
            "database": "CREDIT_DATA_PLATFORM",
            "fully_qualified_name": "\"CREDIT_DATA_PLATFORM\".\"RAW\".\"snowpipe_loan_snapshots\"",
            "id": "CREDIT_DATA_PLATFORM|RAW|snowpipe_loan_snapshots",
            "name": "snowpipe_loan_snapshots",
            "owner": "SYSADMIN",
            "primary_key": [],
            "schema": "RAW",
            "tag": [],
            "timeouts": null
          },
          "sensitive_attributes": [],
          "identity_schema_version": 0,
          "private": "eyJlMmJmYjczMC1lY2FhLTExZTYtOGY4OC0zNDM2M2JjN2M0YzAiOnsiY3JlYXRlIjoxMjAwMDAwMDAwMDAwLCJkZWxldGUiOjEyMDAwMDAwMDAwMDAsInJlYWQiOjEyMDAwMDAwMDAwMDAsInVwZGF0ZSI6MTIwMDAwMDAwMDAwMH19",
          "dependencies": [
            "snowflake_database.credit_data_platform",
            "snowflake_schema.raw_schema"
          ]
        }
      ]
    },
    {
      "mode": "managed",
      "type": "snowflake_user",
      "name": "dbt_svc",
      "provider": "provider[\"registry.terraform.io/snowflakedb/snowflake\"].accountadmin",
      "instances": [
        {
          "schema_version": 1,
          "attributes": {
            "abort_detached_query": false,
            "autocommit": true,
            "binary_input_format": "HEX",
            "binary_output_format": "HEX",
            "client_memory_limit": 1536,
            "client_metadata_request_use_connection_ctx": false,
            "client_prefetch_threads": 4,
            "client_result_chunk_size": 160,
            "client_result_column_case_insensitive": false,
            "client_session_keep_alive": false,
            "client_session_keep_alive_heartbeat_frequency": 3600,
            "client_timestamp_type_mapping": "TIMESTAMP_LTZ",
            "comment": "",
            "date_input_format": "AUTO",
            "date_output_format": "YYYY-MM-DD",
            "days_to_expiry": null,
            "default_namespace": null,
            "default_role": "DBT_ROLE",
            "default_secondary_roles_option": "DEFAULT",
            "default_warehouse": "CREDIT_DATA_PLATFORM_WH",
            "disable_mfa": "default",
            "disabled": "default",
            "display_name": null,
            "email": "",
            "enable_unload_physical_type_optimization": true,
            "enable_unredacted_query_syntax_error": false,
            "error_on_nondeterministic_merge": true,
            "error_on_nondeterministic_update": false,
            "first_name": "",
            "fully_qualified_name": "\"DBT_SVC\"",
            "geography_output_format": "GeoJSON",
            "geometry_output_format": "GeoJSON",
            "id": "DBT_SVC",
            "jdbc_treat_decimal_as_int": true,
            "jdbc_treat_timestamp_ntz_as_utc": false,
            "jdbc_use_session_timezone": true,
            "json_indent": 2,
            "last_name": "",
            "lock_timeout": 43200,
            "log_level": "OFF",
            "login_name": null,
            "middle_name": "",
            "mins_to_bypass_mfa": -1,
            "mins_to_unlock": -1,
            "multi_statement_count": 1,
            "must_change_password": "false",
            "name": "DBT_SVC",
            "network_policy": "",
            "noorder_sequence_as_default": true,
            "odbc_treat_decimal_as_int": false,
            "parameters": [
              {
                "abort_detached_query": [
                  {
                    "default": "false",
                    "description": "If true, Snowflake will automatically abort queries when it detects that the client has disappeared.",
                    "key": "ABORT_DETACHED_QUERY",
                    "level": "",
                    "value": "false"
                  }
                ],
                "autocommit": [
                  {
                    "default": "true",
                    "description": "The autocommit property determines whether is statement should to be implicitly\nwrapped within a transaction or not. If autocommit is set to true, then a \nstatement that requires a transaction is executed within a transaction \nimplicitly. If autocommit is off then an explicit commit or rollback is required\nto close a transaction. The default autocommit value is true.",
                    "key": "AUTOCOMMIT",
                    "level": "",
                    "value": "true"
                  }
                ],
                "binary_input_format": [
                  {
                    "default": "HEX",
                    "description": "input format for binary",
                    "key": "BINARY_INPUT_FORMAT",
                    "level": "",
                    "value": "HEX"
                  }
                ],
                "binary_output_format": [
                  {
                    "default": "HEX",
                    "description": "display format for binary",
                    "key": "BINARY_OUTPUT_FORMAT",
                    "level": "",
                    "value": "HEX"
                  }
                ],
                "client_memory_limit": [
                  {
                    "default": "1536",
                    "description": "Limit the amount of memory used by the client in MB",
                    "key": "CLIENT_MEMORY_LIMIT",
                    "level": "",
                    "value": "1536"
                  }
                ],
                "client_metadata_request_use_connection_ctx": [
                  {
                    "default": "false",
                    "description": "For client metadata request(getTables()), use session catalog and schema if set to true",
                    "key": "CLIENT_METADATA_REQUEST_USE_CONNECTION_CTX",
                    "level": "",
                    "value": "false"
                  }
                ],
                "client_prefetch_threads": [
                  {
                    "default": "4",
                    "description": "Customer parameter to control threads, 0=auto",
                    "key": "CLIENT_PREFETCH_THREADS",
                    "level": "",
                    "value": "4"
                  }
                ],
                "client_result_chunk_size": [
                  {
                    "default": "160",
                    "description": "Set the max result chunk size in MB on the client side",
                    "key": "CLIENT_RESULT_CHUNK_SIZE",
                    "level": "",
                    "value": "160"
                  }
                ],
                "client_result_column_case_insensitive": [
                  {
                    "default": "false",
                    "description": "Column name search is case insensitive in clients",
                    "key": "CLIENT_RESULT_COLUMN_CASE_INSENSITIVE",
                    "level": "",
                    "value": "false"
                  }
                ],
                "client_session_keep_alive": [
                  {
                    "default": "false",
                    "description": "If true, client session will not expire automatically",
                    "key": "CLIENT_SESSION_KEEP_ALIVE",
                    "level": "",
                    "value": "false"
                  }
                ],
                "client_session_keep_alive_heartbeat_frequency": [
                  {
                    "default": "3600",
                    "description": "Heartbeat frequency in seconds for CLIENT_SESSION_KEEP_ALIVE.",
                    "key": "CLIENT_SESSION_KEEP_ALIVE_HEARTBEAT_FREQUENCY",
                    "level": "",
                    "value": "3600"
                  }
                ],
                "client_timestamp_type_mapping": [
                  {
                    "default": "TIMESTAMP_LTZ",
                    "description": "If a variable is bound to the TIMESTAMP data type using the bind API, determines which TIMESTAMP* type it should map to:\n  TIMESTAMP_LTZ (default), TIMESTAMP_NTZ",
                    "key": "CLIENT_TIMESTAMP_TYPE_MAPPING",
                    "level": "",
                    "value": "TIMESTAMP_LTZ"
                  }
                ],
                "date_input_format": [
                  {
                    "default": "AUTO",
                    "description": "input format for date",
                    "key": "DATE_INPUT_FORMAT",
                    "level": "",
                    "value": "AUTO"
                  }
                ],
                "date_output_format": [
                  {
                    "default": "YYYY-MM-DD",
                    "description": "display format for date",
                    "key": "DATE_OUTPUT_FORMAT",
                    "level": "",
                    "value": "YYYY-MM-DD"
                  }
                ],
                "enable_unload_physical_type_optimization": [
                  {
                    "default": "true",
                    "description": "Enable physical-type optimizations used in Snowflake to affect the Parquet output",
                    "key": "ENABLE_UNLOAD_PHYSICAL_TYPE_OPTIMIZATION",
                    "level": "",
                    "value": "true"
                  }
                ],
                "enable_unredacted_query_syntax_error": [
                  {
                    "default": "false",
                    "description": "Enable View Malformed SQL Text feature when parse error occurs",
                    "key": "ENABLE_UNREDACTED_QUERY_SYNTAX_ERROR",
                    "level": "",
                    "value": "false"
                  }
                ],
                "error_on_nondeterministic_merge": [
                  {
                    "default": "true",
                    "description": "raise an error when attempting to merge-update a row that joins many rows",
                    "key": "ERROR_ON_NONDETERMINISTIC_MERGE",
                    "level": "",
                    "value": "true"
                  }
                ],
                "error_on_nondeterministic_update": [
                  {
                    "default": "false",
                    "description": "raise an error when attempting to update a row that joins many rows",
                    "key": "ERROR_ON_NONDETERMINISTIC_UPDATE",
                    "level": "",
                    "value": "false"
                  }
                ],
                "geography_output_format": [
                  {
                    "default": "GeoJSON",
                    "description": "GEOGRAPHY display format: GeoJSON, WKT, or WKB(case-insensitive)",
                    "key": "GEOGRAPHY_OUTPUT_FORMAT",
                    "level": "",
                    "value": "GeoJSON"
                  }
                ],
                "geometry_output_format": [
                  {
                    "default": "GeoJSON",
                    "description": "GEOMETRY display format: GeoJSON, WKT, or WKB(case-insensitive)",
                    "key": "GEOMETRY_OUTPUT_FORMAT",
                    "level": "",
                    "value": "GeoJSON"
                  }
                ],
                "jdbc_treat_decimal_as_int": [
                  {
                    "default": "true",
                    "description": "When scale is 0, whether to treat Decimal as Int in JDBC",
                    "key": "JDBC_TREAT_DECIMAL_AS_INT",
                    "level": "",
                    "value": "true"
                  }
                ],
                "jdbc_treat_timestamp_ntz_as_utc": [
                  {
                    "default": "false",
                    "description": "When true, Timestamp_NTZ values are always stored in UTC timezone",
                    "key": "JDBC_TREAT_TIMESTAMP_NTZ_AS_UTC",
                    "level": "",
                    "value": "false"
                  }
                ],
                "jdbc_use_session_timezone": [
                  {
                    "default": "true",
                    "description": "When true, JDBC driver will not display timezone offset between JVM and session.",
                    "key": "JDBC_USE_SESSION_TIMEZONE",
                    "level": "",
                    "value": "true"
                  }
                ],
                "json_indent": [
                  {
                    "default": "2",
                    "description": "Width of indentation in JSON output (0 for compact)",
                    "key": "JSON_INDENT",
                    "level": "",
                    "value": "2"
                  }
                ],
                "lock_timeout": [
                  {
                    "default": "43200",
                    "description": "Number of seconds to wait while trying to lock a resource, before timing out \nand aborting the statement. A value of 0 turns off lock waiting i.e. the \nstatement must acquire the lock immediately or abort. If multiple resources \nneed to be locked by the statement, the timeout applies separately to each \nlock attempt.",
                    "key": "LOCK_TIMEOUT",
                    "level": "",
                    "value": "43200"
                  }
                ],
                "log_level": [
                  {
                    "default": "OFF",
                    "description": "LOG_LEVEL to use when filtering events",
                    "key": "LOG_LEVEL",
                    "level": "",
                    "value": "OFF"
                  }
                ],
                "multi_statement_count": [
                  {
                    "default": "1",
                    "description": "Number of statement included in submitted query text.\nThis parameter is submitted by user to avoid sql injection.\nValue 1 means one statement, value \u003e 1 means n statement\ncan be executed, if not equal to the value will raise the\nexception. Value 0 means any number of statement can be\n executed",
                    "key": "MULTI_STATEMENT_COUNT",
                    "level": "",
                    "value": "1"
                  }
                ],
                "network_policy": [
                  {
                    "default": "",
                    "description": "Network policy assigned for the given target.",
                    "key": "NETWORK_POLICY",
                    "level": "",
                    "value": ""
                  }
                ],
                "noorder_sequence_as_default": [
                  {
                    "default": "true",
                    "description": "Whether we make NOORDER the default option for creating new sequences",
                    "key": "NOORDER_SEQUENCE_AS_DEFAULT",
                    "level": "",
                    "value": "true"
                  }
                ],
                "odbc_treat_decimal_as_int": [
                  {
                    "default": "false",
                    "description": "When scale is 0, whether to treat Decimal as Int in ODBC",
                    "key": "ODBC_TREAT_DECIMAL_AS_INT",
                    "level": "",
                    "value": "false"
                  }
                ],
                "prevent_unload_to_internal_stages": [
                  {
                    "default": "false",
                    "description": "Prevent unload sensitive data to non-external stages (user stage, table stage, named stage).",
                    "key": "PREVENT_UNLOAD_TO_INTERNAL_STAGES",
                    "level": "",
                    "value": "false"
                  }
                ],
                "query_tag": [
                  {
                    "default": "",
                    "description": "String (up to 2000 characters) used to tag statements executed by the session",
                    "key": "QUERY_TAG",
                    "level": "",
                    "value": ""
                  }
                ],
                "quoted_identifiers_ignore_case": [
                  {
                    "default": "false",
                    "description": "If true, the case of quoted identifiers is ignored",
                    "key": "QUOTED_IDENTIFIERS_IGNORE_CASE",
                    "level": "",
                    "value": "false"
                  }
                ],
                "rows_per_resultset": [
                  {
                    "default": "0",
                    "description": "maxium number of rows in a result set",
                    "key": "ROWS_PER_RESULTSET",
                    "level": "",
                    "value": "0"
                  }
                ],
                "s3_stage_vpce_dns_name": [
                  {
                    "default": "",
                    "description": "S3 VPCE DNS name to access internal stage bucket over privatelink",
                    "key": "S3_STAGE_VPCE_DNS_NAME",
                    "level": "",
                    "value": ""
                  }
                ],
                "search_path": [
                  {
                    "default": "$current, $public",
                    "description": "Search path for unqualified object references.",
                    "key": "SEARCH_PATH",
                    "level": "",
                    "value": "$current, $public"
                  }
                ],
                "simulated_data_sharing_consumer": [
                  {
                    "default": "",
                    "description": "Data sharing views will return rows as if executed in the specified consumer account.",
                    "key": "SIMULATED_DATA_SHARING_CONSUMER",
                    "level": "",
                    "value": ""
                  }
                ],
                "statement_queued_timeout_in_seconds": [
                  {
                    "default": "0",
                    "description": "Timeout in seconds for queued statements: statements will automatically be canceled if they are queued on a warehouse for longer than this amount of time; disabled if set to zero.",
                    "key": "STATEMENT_QUEUED_TIMEOUT_IN_SECONDS",
                    "level": "",
                    "value": "0"
                  }
                ],
                "statement_timeout_in_seconds": [
                  {
                    "default": "172800",
                    "description": "Timeout in seconds for statements: statements are automatically canceled if they run for longer; if set to zero, max value (604800) is enforced.",
                    "key": "STATEMENT_TIMEOUT_IN_SECONDS",
                    "level": "",
                    "value": "172800"
                  }
                ],
                "strict_json_output": [
                  {
                    "default": "false",
                    "description": "JSON output is strictly compliant to the specification",
                    "key": "STRICT_JSON_OUTPUT",
                    "level": "",
                    "value": "false"
                  }
                ],
                "time_input_format": [
                  {
                    "default": "AUTO",
                    "description": "input format for time",
                    "key": "TIME_INPUT_FORMAT",
                    "level": "",
                    "value": "AUTO"
                  }
                ],
                "time_output_format": [
                  {
                    "default": "HH24:MI:SS",
                    "description": "display format for time",
                    "key": "TIME_OUTPUT_FORMAT",
                    "level": "",
                    "value": "HH24:MI:SS"
                  }
                ],
                "timestamp_day_is_always_24h": [
                  {
                    "default": "false",
                    "description": "If set, arithmetic on days always uses 24 hours per day,\npossibly not preserving the time (due to DST changes)",
                    "key": "TIMESTAMP_DAY_IS_ALWAYS_24H",
                    "level": "",
                    "value": "false"
                  }
                ],
                "timestamp_input_format": [
                  {
                    "default": "AUTO",
                    "description": "input format for timestamp",
                    "key": "TIMESTAMP_INPUT_FORMAT",
                    "level": "",
                    "value": "AUTO"
                  }
                ],
                "timestamp_ltz_output_format": [
                  {
                    "default": "",
                    "description": "Display format for TIMESTAMP_LTZ values. If empty, TIMESTAMP_OUTPUT_FORMAT is used.",
                    "key": "TIMESTAMP_LTZ_OUTPUT_FORMAT",
                    "level": "",
                    "value": ""
                  }
                ],
                "timestamp_ntz_output_format": [
                  {
                    "default": "YYYY-MM-DD HH24:MI:SS.FF3",
                    "description": "Display format for TIMESTAMP_NTZ values. If empty, TIMESTAMP_OUTPUT_FORMAT is used.",
                    "key": "TIMESTAMP_NTZ_OUTPUT_FORMAT",
                    "level": "",
                    "value": "YYYY-MM-DD HH24:MI:SS.FF3"
                  }
                ],
                "timestamp_output_format": [
                  {
                    "default": "YYYY-MM-DD HH24:MI:SS.FF3 TZHTZM",
                    "description": "Default display format for all timestamp types.",
                    "key": "TIMESTAMP_OUTPUT_FORMAT",
                    "level": "",
                    "value": "YYYY-MM-DD HH24:MI:SS.FF3 TZHTZM"
                  }
                ],
                "timestamp_type_mapping": [
                  {
                    "default": "TIMESTAMP_NTZ",
                    "description": "If TIMESTAMP type is used, what specific TIMESTAMP* type it should map to:\n  TIMESTAMP_LTZ, TIMESTAMP_NTZ (default) or TIMESTAMP_TZ",
                    "key": "TIMESTAMP_TYPE_MAPPING",
                    "level": "",
                    "value": "TIMESTAMP_NTZ"
                  }
                ],
                "timestamp_tz_output_format": [
                  {
                    "default": "",
                    "description": "Display format for TIMESTAMP_TZ values. If empty, TIMESTAMP_OUTPUT_FORMAT is used.",
                    "key": "TIMESTAMP_TZ_OUTPUT_FORMAT",
                    "level": "",
                    "value": ""
                  }
                ],
                "timezone": [
                  {
                    "default": "America/Los_Angeles",
                    "description": "time zone",
                    "key": "TIMEZONE",
                    "level": "",
                    "value": "America/Los_Angeles"
                  }
                ],
                "trace_level": [
                  {
                    "default": "OFF",
                    "description": "Trace level value to use when generating/filtering trace events",
                    "key": "TRACE_LEVEL",
                    "level": "",
                    "value": "OFF"
                  }
                ],
                "transaction_abort_on_error": [
                  {
                    "default": "false",
                    "description": "If this parameter is true, and a statement issued within a non-autocommit\ntransaction returns with an error, then the non-autocommit transaction is\naborted. All statements issued inside that transaction will fail until an\ncommit or rollback statement is executed to close that transaction.",
                    "key": "TRANSACTION_ABORT_ON_ERROR",
                    "level": "",
                    "value": "false"
                  }
                ],
                "transaction_default_isolation_level": [
                  {
                    "default": "READ COMMITTED",
                    "description": "The default isolation level when starting a starting a transaction, when no\nisolation level was specified",
                    "key": "TRANSACTION_DEFAULT_ISOLATION_LEVEL",
                    "level": "",
                    "value": "READ COMMITTED"
                  }
                ],
                "two_digit_century_start": [
                  {
                    "default": "1970",
                    "description": "For 2-digit dates, defines a century-start year.\nFor example, when set to 1980:\n  - parsing a string '79' will produce 2079\n  - parsing a string '80' will produce 1980",
                    "key": "TWO_DIGIT_CENTURY_START",
                    "level": "",
                    "value": "1970"
                  }
                ],
                "unsupported_ddl_action": [
                  {
                    "default": "ignore",
                    "description": "The action to take upon encountering an unsupported ddl statement",
                    "key": "UNSUPPORTED_DDL_ACTION",
                    "level": "",
                    "value": "ignore"
                  }
                ],
                "use_cached_result": [
                  {
                    "default": "true",
                    "description": "If enabled, query results can be reused between successive invocations of the same query as long as the original result has not expired",
                    "key": "USE_CACHED_RESULT",
                    "level": "",
                    "value": "true"
                  }
                ],
                "week_of_year_policy": [
                  {
                    "default": "0",
                    "description": "Defines the policy of assigning weeks to years:\n0: the week needs to have 4 days in a given year;\n1: a week with January 1st always belongs to a given year.",
                    "key": "WEEK_OF_YEAR_POLICY",
                    "level": "",
                    "value": "0"
                  }
                ],
                "week_start": [
                  {
                    "default": "0",
                    "description": "Defines the first day of the week:\n0: legacy Snowflake behavior; 1: Monday .. 7: Sunday.",
                    "key": "WEEK_START",
                    "level": "",
                    "value": "0"
                  }
                ]
              }
            ],
            "password": "dbt_svc_password",
            "prevent_unload_to_internal_stages": false,
            "query_tag": "",
            "quoted_identifiers_ignore_case": false,
            "rows_per_resultset": 0,
            "rsa_public_key": "",
            "rsa_public_key_2": "",
            "s3_stage_vpce_dns_name": "",
            "search_path": "$current, $public",
            "show_output": [
              {
                "comment": "",
                "created_on": "2026-03-22 19:21:02.44 -0700 PDT",
                "days_to_expiry": "",
                "default_namespace": "",
                "default_role": "DBT_ROLE",
                "default_secondary_roles": "[\"ALL\"]",
                "default_warehouse": "CREDIT_DATA_PLATFORM_WH",
                "disabled": false,
                "display_name": "DBT_SVC",
                "email": "",
                "expires_at_time": "0001-01-01 00:00:00 +0000 UTC",
                "ext_authn_duo": false,
                "ext_authn_uid": "",
                "first_name": "",
                "has_mfa": false,
                "has_password": true,
                "has_rsa_public_key": false,
                "has_workload_identity": false,
                "last_name": "",
                "last_success_login": "2026-03-22 19:37:09.319 -0700 PDT",
                "locked_until_time": "0001-01-01 00:00:00 +0000 UTC",
                "login_name": "DBT_SVC",
                "mins_to_bypass_mfa": "",
                "mins_to_unlock": "",
                "must_change_password": false,
                "name": "DBT_SVC",
                "owner": "ACCOUNTADMIN",
                "snowflake_lock": false,
                "type": "PERSON"
              }
            ],
            "simulated_data_sharing_consumer": "",
            "statement_queued_timeout_in_seconds": 0,
            "statement_timeout_in_seconds": 172800,
            "strict_json_output": false,
            "time_input_format": "AUTO",
            "time_output_format": "HH24:MI:SS",
            "timeouts": null,
            "timestamp_day_is_always_24h": false,
            "timestamp_input_format": "AUTO",
            "timestamp_ltz_output_format": "",
            "timestamp_ntz_output_format": "YYYY-MM-DD HH24:MI:SS.FF3",
            "timestamp_output_format": "YYYY-MM-DD HH24:MI:SS.FF3 TZHTZM",
            "timestamp_type_mapping": "TIMESTAMP_NTZ",
            "timestamp_tz_output_format": "",
            "timezone": "America/Los_Angeles",
            "trace_level": "OFF",
            "transaction_abort_on_error": false,
            "transaction_default_isolation_level": "READ COMMITTED",
            "two_digit_century_start": 1970,
            "unsupported_ddl_action": "ignore",
            "use_cached_result": true,
            "user_type": "PERSON",
            "week_of_year_policy": 0,
            "week_start": 0
          },
          "sensitive_attributes": [
            [
              {
                "type": "get_attr",
                "value": "email"
              }
            ],
            [
              {
                "type": "get_attr",
                "value": "first_name"
              }
            ],
            [
              {
                "type": "get_attr",
                "value": "last_name"
              }
            ],
            [
              {
                "type": "get_attr",
                "value": "login_name"
              }
            ],
            [
              {
                "type": "get_attr",
                "value": "middle_name"
              }
            ],
            [
              {
                "type": "get_attr",
                "value": "password"
              }
            ]
          ],
          "identity_schema_version": 0,
          "private": "eyJlMmJmYjczMC1lY2FhLTExZTYtOGY4OC0zNDM2M2JjN2M0YzAiOnsiY3JlYXRlIjoxMjAwMDAwMDAwMDAwLCJkZWxldGUiOjEyMDAwMDAwMDAwMDAsInJlYWQiOjEyMDAwMDAwMDAwMDAsInVwZGF0ZSI6MTIwMDAwMDAwMDAwMH0sInNjaGVtYV92ZXJzaW9uIjoiMSJ9",
          "dependencies": [
            "snowflake_warehouse.credit_data_platform_warehouse"
          ]
        }
      ]
    },
    {
      "mode": "managed",
      "type": "snowflake_warehouse",
      "name": "credit_data_platform_warehouse",
      "provider": "provider[\"registry.terraform.io/snowflakedb/snowflake\"].sysadmin",
      "instances": [
        {
          "schema_version": 2,
          "attributes": {
            "auto_resume": "true",
            "auto_suspend": 60,
            "comment": "",
            "enable_query_acceleration": "default",
            "fully_qualified_name": "\"CREDIT_DATA_PLATFORM_WH\"",
            "generation": "2",
            "id": "CREDIT_DATA_PLATFORM_WH",
            "initially_suspended": null,
            "max_cluster_count": null,
            "max_concurrency_level": 8,
            "min_cluster_count": null,
            "name": "CREDIT_DATA_PLATFORM_WH",
            "parameters": [
              {
                "max_concurrency_level": [
                  {
                    "default": "8",
                    "description": "Maximum number of SQL statements a warehouse cluster can execute concurrently before queuing them. Small SQL statements count as a fraction of 1.",
                    "key": "MAX_CONCURRENCY_LEVEL",
                    "level": "",
                    "value": "8"
                  }
                ],
                "statement_queued_timeout_in_seconds": [
                  {
                    "default": "0",
                    "description": "Timeout in seconds for queued statements: statements will automatically be canceled if they are queued on a warehouse for longer than this amount of time; disabled if set to zero.",
                    "key": "STATEMENT_QUEUED_TIMEOUT_IN_SECONDS",
                    "level": "",
                    "value": "0"
                  }
                ],
                "statement_timeout_in_seconds": [
                  {
                    "default": "172800",
                    "description": "Timeout in seconds for statements: statements are automatically canceled if they run for longer; if set to zero, max value (604800) is enforced.",
                    "key": "STATEMENT_TIMEOUT_IN_SECONDS",
                    "level": "",
                    "value": "172800"
                  }
                ]
              }
            ],
            "query_acceleration_max_scale_factor": -1,
            "resource_constraint": null,
            "resource_monitor": null,
            "scaling_policy": null,
            "show_output": [
              {
                "auto_resume": true,
                "auto_suspend": 60,
                "available": 0,
                "comment": "",
                "created_on": "2026-03-22 19:21:01.914 -0700 PDT",
                "enable_query_acceleration": false,
                "generation": "2",
                "is_current": false,
                "is_default": false,
                "max_cluster_count": 0,
                "min_cluster_count": 0,
                "name": "CREDIT_DATA_PLATFORM_WH",
                "other": 0,
                "owner": "SYSADMIN",
                "owner_role_type": "ROLE",
                "provisioning": 0,
                "query_acceleration_max_scale_factor": 0,
                "queued": 0,
                "quiescing": 0,
                "resource_constraint": "",
                "resource_monitor": "",
                "resumed_on": "2026-03-22 19:21:02.082 -0700 PDT",
                "running": 0,
                "scaling_policy": "",
                "size": "XSMALL",
                "started_clusters": 0,
                "state": "SUSPENDED",
                "type": "STANDARD",
                "updated_on": "2026-03-22 19:21:02.082 -0700 PDT"
              }
            ],
            "statement_queued_timeout_in_seconds": 0,
            "statement_timeout_in_seconds": 172800,
            "timeouts": null,
            "warehouse_size": "XSMALL",
            "warehouse_type": "STANDARD"
          },
          "sensitive_attributes": [],
          "identity_schema_version": 0,
          "private": "eyJlMmJmYjczMC1lY2FhLTExZTYtOGY4OC0zNDM2M2JjN2M0YzAiOnsiY3JlYXRlIjoxMjAwMDAwMDAwMDAwLCJkZWxldGUiOjEyMDAwMDAwMDAwMDAsInJlYWQiOjEyMDAwMDAwMDAwMDAsInVwZGF0ZSI6MTIwMDAwMDAwMDAwMH0sInNjaGVtYV92ZXJzaW9uIjoiMiJ9"
        }
      ]
    }
  ],
  "check_results": null
}
